// !$*UTF8*$!
{
	archiveVersion = 1;
	classes = {
	};
	objectVersion = 77;
	objects = {

/* Begin PBXContainerItemProxy section */
		B3B193692D21AB0000C55D2A /* PBXContainerItemProxy */ = {
			isa = PBXContainerItemProxy;
			containerPortal = B3B1934A2D21AAFA00C55D2A /* Project object */;
			proxyType = 1;
			remoteGlobalIDString = B3B193512D21AAFA00C55D2A;
			remoteInfo = Date_Time;
		};
		B3B193732D21AB0000C55D2A /* PBXContainerItemProxy */ = {
			isa = PBXContainerItemProxy;
			containerPortal = B3B1934A2D21AAFA00C55D2A /* Project object */;
			proxyType = 1;
			remoteGlobalIDString = B3B193512D21AAFA00C55D2A;
			remoteInfo = Date_Time;
		};
/* End PBXContainerItemProxy section */

/* Begin PBXFileReference section */
		B3B193522D21AAFA00C55D2A /* Date_Time.app */ = {isa = PBXFileReference; explicitFileType = wrapper.application; includeInIndex = 0; path = Date_Time.app; sourceTree = BUILT_PRODUCTS_DIR; };
		B3B193682D21AB0000C55D2A /* Date_TimeTests.xctest */ = {isa = PBXFileReference; explicitFileType = wrapper.cfbundle; includeInIndex = 0; path = Date_TimeTests.xctest; sourceTree = BUILT_PRODUCTS_DIR; };
		B3B193722D21AB0000C55D2A /* Date_TimeUITests.xctest */ = {isa = PBXFileReference; explicitFileType = wrapper.cfbundle; includeInIndex = 0; path = Date_TimeUITests.xctest; sourceTree = BUILT_PRODUCTS_DIR; };
/* End PBXFileReference section */

/* Begin PBXFileSystemSynchronizedBuildFileExceptionSet section */
		B3B1937A2D21AB0000C55D2A /* Exceptions for "Date_Time" folder in "Date_Time" target */ = {
			isa = PBXFileSystemSynchronizedBuildFileExceptionSet;
			membershipExceptions = (
				Info.plist,
			);
			target = B3B193512D21AAFA00C55D2A /* Date_Time */;
		};
/* End PBXFileSystemSynchronizedBuildFileExceptionSet section */

/* Begin PBXFileSystemSynchronizedRootGroup section */
		B3B193542D21AAFA00C55D2A /* Date_Time */ = {
			isa = PBXFileSystemSynchronizedRootGroup;
			exceptions = (
				B3B1937A2D21AB0000C55D2A /* Exceptions for "Date_Time" folder in "Date_Time" target */,
			);
			path = Date_Time;
			sourceTree = "<group>";
		};
		B3B1936B2D21AB0000C55D2A /* Date_TimeTests */ = {
			isa = PBXFileSystemSynchronizedRootGroup;
			path = Date_TimeTests;
			sourceTree = "<group>";
		};
		B3B193752D21AB0000C55D2A /* Date_TimeUITests */ = {
			isa = PBXFileSystemSynchronizedRootGroup;
			path = Date_TimeUITests;
			sourceTree = "<group>";
		};
/* End PBXFileSystemSynchronizedRootGroup section */

/* Begin PBXFrameworksBuildPhase section */
		B3B1934F2D21AAFA00C55D2A /* Frameworks */ = {
			isa = PBXFrameworksBuildPhase;
			buildActionMask = 2147483647;
			files = (
			);
			runOnlyForDeploymentPostprocessing = 0;
		};
		B3B193652D21AB0000C55D2A /* Frameworks */ = {
			isa = PBXFrameworksBuildPhase;
			buildActionMask = 2147483647;
			files = (
			);
			runOnlyForDeploymentPostprocessing = 0;
		};
		B3B1936F2D21AB0000C55D2A /* Frameworks */ = {
			isa = PBXFrameworksBuildPhase;
			buildActionMask = 2147483647;
			files = (
			);
			runOnlyForDeploymentPostprocessing = 0;
		};
/* End PBXFrameworksBuildPhase section */

/* Begin PBXGroup section */
		B3B193492D21AAFA00C55D2A = {
			isa = PBXGroup;
			children = (
				B3B193542D21AAFA00C55D2A /* Date_Time */,
				B3B1936B2D21AB0000C55D2A /* Date_TimeTests */,
				B3B193752D21AB0000C55D2A /* Date_TimeUITests */,
				B3B193532D21AAFA00C55D2A /* Products */,
			);
			sourceTree = "<group>";
		};
		B3B193532D21AAFA00C55D2A /* Products */ = {
			isa = PBXGroup;
			children = (
				B3B193522D21AAFA00C55D2A /* Date_Time.app */,
				B3B193682D21AB0000C55D2A /* Date_TimeTests.xctest */,
				B3B193722D21AB0000C55D2A /* Date_TimeUITests.xctest */,
			);
			name = Products;
			sourceTree = "<group>";
		};
/* End PBXGroup section */

/* Begin PBXNativeTarget section */
		B3B193512D21AAFA00C55D2A /* Date_Time */ = {
			isa = PBXNativeTarget;
			buildConfigurationList = B3B1937B2D21AB0000C55D2A /* Build configuration list for PBXNativeTarget "Date_Time" */;
			buildPhases = (
				B3B1934E2D21AAFA00C55D2A /* Sources */,
				B3B1934F2D21AAFA00C55D2A /* Frameworks */,
				B3B193502D21AAFA00C55D2A /* Resources */,
			);
			buildRules = (
			);
			dependencies = (
			);
			fileSystemSynchronizedGroups = (
				B3B193542D21AAFA00C55D2A /* Date_Time */,
			);
			name = Date_Time;
			packageProductDependencies = (
			);
			productName = Date_Time;
			productReference = B3B193522D21AAFA00C55D2A /* Date_Time.app */;
			productType = "com.apple.product-type.application";
		};
		B3B193672D21AB0000C55D2A /* Date_TimeTests */ = {
			isa = PBXNativeTarget;
			buildConfigurationList = B3B193802D21AB0000C55D2A /* Build configuration list for PBXNativeTarget "Date_TimeTests" */;
			buildPhases = (
				B3B193642D21AB0000C55D2A /* Sources */,
				B3B193652D21AB0000C55D2A /* Frameworks */,
				B3B193662D21AB0000C55D2A /* Resources */,
			);
			buildRules = (
			);
			dependencies = (
				B3B1936A2D21AB0000C55D2A /* PBXTargetDependency */,
			);
			fileSystemSynchronizedGroups = (
				B3B1936B2D21AB0000C55D2A /* Date_TimeTests */,
			);
			name = Date_TimeTests;
			packageProductDependencies = (
			);
			productName = Date_TimeTests;
			productReference = B3B193682D21AB0000C55D2A /* Date_TimeTests.xctest */;
			productType = "com.apple.product-type.bundle.unit-test";
		};
		B3B193712D21AB0000C55D2A /* Date_TimeUITests */ = {
			isa = PBXNativeTarget;
			buildConfigurationList = B3B193832D21AB0000C55D2A /* Build configuration list for PBXNativeTarget "Date_TimeUITests" */;
			buildPhases = (
				B3B1936E2D21AB0000C55D2A /* Sources */,
				B3B1936F2D21AB0000C55D2A /* Frameworks */,
				B3B193702D21AB0000C55D2A /* Resources */,
			);
			buildRules = (
			);
			dependencies = (
				B3B193742D21AB0000C55D2A /* PBXTargetDependency */,
			);
			fileSystemSynchronizedGroups = (
				B3B193752D21AB0000C55D2A /* Date_TimeUITests */,
			);
			name = Date_TimeUITests;
			packageProductDependencies = (
			);
			productName = Date_TimeUITests;
			productReference = B3B193722D21AB0000C55D2A /* Date_TimeUITests.xctest */;
			productType = "com.apple.product-type.bundle.ui-testing";
		};
/* End PBXNativeTarget section */

/* Begin PBXProject section */
		B3B1934A2D21AAFA00C55D2A /* Project object */ = {
			isa = PBXProject;
			attributes = {
				BuildIndependentTargetsInParallel = 1;
				LastSwiftUpdateCheck = 1620;
				LastUpgradeCheck = 1620;
				TargetAttributes = {
					B3B193512D21AAFA00C55D2A = {
						CreatedOnToolsVersion = 16.2;
					};
					B3B193672D21AB0000C55D2A = {
						CreatedOnToolsVersion = 16.2;
						TestTargetID = B3B193512D21AAFA00C55D2A;
					};
					B3B193712D21AB0000C55D2A = {
						CreatedOnToolsVersion = 16.2;
						TestTargetID = B3B193512D21AAFA00C55D2A;
					};
				};
			};
			buildConfigurationList = B3B1934D2D21AAFA00C55D2A /* Build configuration list for PBXProject "Date_Time" */;
			developmentRegion = en;
			hasScannedForEncodings = 0;
			knownRegions = (
				en,
				Base,
			);
			mainGroup = B3B193492D21AAFA00C55D2A;
			minimizedProjectReferenceProxies = 1;
			preferredProjectObjectVersion = 77;
			productRefGroup = B3B193532D21AAFA00C55D2A /* Products */;
			projectDirPath = "";
			projectRoot = "";
			targets = (
				B3B193512D21AAFA00C55D2A /* Date_Time */,
				B3B193672D21AB0000C55D2A /* Date_TimeTests */,
				B3B193712D21AB0000C55D2A /* Date_TimeUITests */,
			);
		};
/* End PBXProject section */

/* Begin PBXResourcesBuildPhase section */
		B3B193502D21AAFA00C55D2A /* Resources */ = {
			isa = PBXResourcesBuildPhase;
			buildActionMask = 2147483647;
			files = (
			);
			runOnlyForDeploymentPostprocessing = 0;
		};
		B3B193662D21AB0000C55D2A /* Resources */ = {
			isa = PBXResourcesBuildPhase;
			buildActionMask = 2147483647;
			files = (
			);
			runOnlyForDeploymentPostprocessing = 0;
		};
		B3B193702D21AB0000C55D2A /* Resources */ = {
			isa = PBXResourcesBuildPhase;
			buildActionMask = 2147483647;
			files = (
			);
			runOnlyForDeploymentPostprocessing = 0;
		};
/* End PBXResourcesBuildPhase section */

/* Begin PBXSourcesBuildPhase section */
		B3B1934E2D21AAFA00C55D2A /* Sources */ = {
			isa = PBXSourcesBuildPhase;
			buildActionMask = 2147483647;
			files = (
			);
			runOnlyForDeploymentPostprocessing = 0;
		};
		B3B193642D21AB0000C55D2A /* Sources */ = {
			isa = PBXSourcesBuildPhase;
			buildActionMask = 2147483647;
			files = (
			);
			runOnlyForDeploymentPostprocessing = 0;
		};
		B3B1936E2D21AB0000C55D2A /* Sources */ = {
			isa = PBXSourcesBuildPhase;
			buildActionMask = 2147483647;
			files = (
			);
			runOnlyForDeploymentPostprocessing = 0;
		};
/* End PBXSourcesBuildPhase section */

/* Begin PBXTargetDependency section */
		B3B1936A2D21AB0000C55D2A /* PBXTargetDependency */ = {
			isa = PBXTargetDependency;
			target = B3B193512D21AAFA00C55D2A /* Date_Time */;
			targetProxy = B3B193692D21AB0000C55D2A /* PBXContainerItemProxy */;
		};
		B3B193742D21AB0000C55D2A /* PBXTargetDependency */ = {
			isa = PBXTargetDependency;
			target = B3B193512D21AAFA00C55D2A /* Date_Time */;
			targetProxy = B3B193732D21AB0000C55D2A /* PBXContainerItemProxy */;
		};
/* End PBXTargetDependency section */

/* Begin XCBuildConfiguration section */
		B3B1937C2D21AB0000C55D2A /* Debug */ = {
			isa = XCBuildConfiguration;
			buildSettings = {
				ASSETCATALOG_COMPILER_APPICON_NAME = AppIcon;
				ASSETCATALOG_COMPILER_GLOBAL_ACCENT_COLOR_NAME = AccentColor;
				CODE_SIGN_STYLE = Automatic;
				CURRENT_PROJECT_VERSION = 1;
				GENERATE_INFOPLIST_FILE = YES;
				INFOPLIST_FILE = Date_Time/Info.plist;
				INFOPLIST_KEY_CFBundleDisplayName = "Date and Time";
				INFOPLIST_KEY_UIApplicationSupportsIndirectInputEvents = YES;
				INFOPLIST_KEY_UILaunchStoryboardName = LaunchScreen;
				INFOPLIST_KEY_UIMainStoryboardFile = Main;
				INFOPLIST_KEY_UISupportedInterfaceOrientations_iPad = "UIInterfaceOrientationPortrait UIInterfaceOrientationPortraitUpsideDown UIInterfaceOrientationLandscapeLeft UIInterfaceOrientationLandscapeRight";
				INFOPLIST_KEY_UISupportedInterfaceOrientations_iPhone = "UIInterfaceOrientationPortrait UIInterfaceOrientationLandscapeLeft UIInterfaceOrientationLandscapeRight";
				LD_RUNPATH_SEARCH_PATHS = (
					"$(inherited)",
					"@executable_path/Frameworks",
				);
				MARKETING_VERSION = 1.0;
				PRODUCT_BUNDLE_IDENTIFIER = "com.alimullah.Date-Time";
				PRODUCT_NAME = "$(TARGET_NAME)";
				SWIFT_EMIT_LOC_STRINGS = YES;
				SWIFT_VERSION = 5.0;
				TARGETED_DEVICE_FAMILY = "1,2";
			};
			name = Debug;
		};
		B3B1937D2D21AB0000C55D2A /* Release */ = {
			isa = XCBuildConfiguration;
			buildSettings = {
				ASSETCATALOG_COMPILER_APPICON_NAME = AppIcon;
				ASSETCATALOG_COMPILER_GLOBAL_ACCENT_COLOR_NAME = AccentColor;
				CODE_SIGN_STYLE = Automatic;
				CURRENT_PROJECT_VERSION = 1;
				GENERATE_INFOPLIST_FILE = YES;
				INFOPLIST_FILE = Date_Time/Info.plist;
				INFOPLIST_KEY_CFBundleDisplayName = "Date and Time";
				INFOPLIST_KEY_UIApplicationSupportsIndirectInputEvents = YES;
				INFOPLIST_KEY_UILaunchStoryboardName = LaunchScreen;
				INFOPLIST_KEY_UIMainStoryboardFile = Main;
				INFOPLIST_KEY_UISupportedInterfaceOrientations_iPad = "UIInterfaceOrientationPortrait UIInterfaceOrientationPortraitUpsideDown UIInterfaceOrientationLandscapeLeft UIInterfaceOrientationLandscapeRight";
				INFOPLIST_KEY_UISupportedInterfaceOrientations_iPhone = "UIInterfaceOrientationPortrait UIInterfaceOrientationLandscapeLeft UIInterfaceOrientationLandscapeRight";
				LD_RUNPATH_SEARCH_PATHS = (
					"$(inherited)",
					"@executable_path/Frameworks",
				);
				MARKETING_VERSION = 1.0;
				PRODUCT_BUNDLE_IDENTIFIER = "com.alimullah.Date-Time";
				PRODUCT_NAME = "$(TARGET_NAME)";
				SWIFT_EMIT_LOC_STRINGS = YES;
				SWIFT_VERSION = 5.0;
				TARGETED_DEVICE_FAMILY = "1,2";
			};
			name = Release;
		};
		B3B1937E2D21AB0000C55D2A /* Debug */ = {
			isa = XCBuildConfiguration;
			buildSettings = {
				ALWAYS_SEARCH_USER_PATHS = NO;
				ASSETCATALOG_COMPILER_GENERATE_SWIFT_ASSET_SYMBOL_EXTENSIONS = YES;
				CLANG_ANALYZER_NONNULL = YES;
				CLANG_ANALYZER_NUMBER_OBJECT_CONVERSION = YES_AGGRESSIVE;
				CLANG_CXX_LANGUAGE_STANDARD = "gnu++20";
				CLANG_ENABLE_MODULES = YES;
				CLANG_ENABLE_OBJC_ARC = YES;
				CLANG_ENABLE_OBJC_WEAK = YES;
				CLANG_WARN_BLOCK_CAPTURE_AUTORELEASING = YES;
				CLANG_WARN_BOOL_CONVERSION = YES;
				CLANG_WARN_COMMA = YES;
				CLANG_WARN_CONSTANT_CONVERSION = YES;
				CLANG_WARN_DEPRECATED_OBJC_IMPLEMENTATIONS = YES;
				CLANG_WARN_DIRECT_OBJC_ISA_USAGE = YES_ERROR;
				CLANG_WARN_DOCUMENTATION_COMMENTS = YES;
				CLANG_WARN_EMPTY_BODY = YES;
				CLANG_WARN_ENUM_CONVERSION = YES;
				CLANG_WARN_INFINITE_RECURSION = YES;
				CLANG_WARN_INT_CONVERSION = YES;
				CLANG_WARN_NON_LITERAL_NULL_CONVERSION = YES;
				CLANG_WARN_OBJC_IMPLICIT_RETAIN_SELF = YES;
				CLANG_WARN_OBJC_LITERAL_CONVERSION = YES;
				CLANG_WARN_OBJC_ROOT_CLASS = YES_ERROR;
				CLANG_WARN_QUOTED_INCLUDE_IN_FRAMEWORK_HEADER = YES;
				CLANG_WARN_RANGE_LOOP_ANALYSIS = YES;
				CLANG_WARN_STRICT_PROTOTYPES = YES;
				CLANG_WARN_SUSPICIOUS_MOVE = YES;
				CLANG_WARN_UNGUARDED_AVAILABILITY = YES_AGGRESSIVE;
				CLANG_WARN_UNREACHABLE_CODE = YES;
				CLANG_WARN__DUPLICATE_METHOD_MATCH = YES;
				COPY_PHASE_STRIP = NO;
				DEBUG_INFORMATION_FORMAT = dwarf;
				ENABLE_STRICT_OBJC_MSGSEND = YES;
				ENABLE_TESTABILITY = YES;
				ENABLE_USER_SCRIPT_SANDBOXING = YES;
				GCC_C_LANGUAGE_STANDARD = gnu17;
				GCC_DYNAMIC_NO_PIC = NO;
				GCC_NO_COMMON_BLOCKS = YES;
				GCC_OPTIMIZATION_LEVEL = 0;
				GCC_PREPROCESSOR_DEFINITIONS = (
					"DEBUG=1",
					"$(inherited)",
				);
				GCC_WARN_64_TO_32_BIT_CONVERSION = YES;
				GCC_WARN_ABOUT_RETURN_TYPE = YES_ERROR;
				GCC_WARN_UNDECLARED_SELECTOR = YES;
				GCC_WARN_UNINITIALIZED_AUTOS = YES_AGGRESSIVE;
				GCC_WARN_UNUSED_FUNCTION = YES;
				GCC_WARN_UNUSED_VARIABLE = YES;
				IPHONEOS_DEPLOYMENT_TARGET = 18.2;
				LOCALIZATION_PREFERS_STRING_CATALOGS = YES;
				MTL_ENABLE_DEBUG_INFO = INCLUDE_SOURCE;
				MTL_FAST_MATH = YES;
				ONLY_ACTIVE_ARCH = YES;
				SDKROOT = iphoneos;
				SWIFT_ACTIVE_COMPILATION_CONDITIONS = "DEBUG $(inherited)";
				SWIFT_OPTIMIZATION_LEVEL = "-Onone";
			};
			name = Debug;
		};
		B3B1937F2D21AB0000C55D2A /* Release */ = {
			isa = XCBuildConfiguration;
			buildSettings = {
				ALWAYS_SEARCH_USER_PATHS = NO;
				ASSETCATALOG_COMPILER_GENERATE_SWIFT_ASSET_SYMBOL_EXTENSIONS = YES;
				CLANG_ANALYZER_NONNULL = YES;
				CLANG_ANALYZER_NUMBER_OBJECT_CONVERSION = YES_AGGRESSIVE;
				CLANG_CXX_LANGUAGE_STANDARD = "gnu++20";
				CLANG_ENABLE_MODULES = YES;
				CLANG_ENABLE_OBJC_ARC = YES;
				CLANG_ENABLE_OBJC_WEAK = YES;
				CLANG_WARN_BLOCK_CAPTURE_AUTORELEASING = YES;
				CLANG_WARN_BOOL_CONVERSION = YES;
				CLANG_WARN_COMMA = YES;
				CLANG_WARN_CONSTANT_CONVERSION = YES;
				CLANG_WARN_DEPRECATED_OBJC_IMPLEMENTATIONS = YES;
				CLANG_WARN_DIRECT_OBJC_ISA_USAGE = YES_ERROR;
				CLANG_WARN_DOCUMENTATION_COMMENTS = YES;
				CLANG_WARN_EMPTY_BODY = YES;
				CLANG_WARN_ENUM_CONVERSION = YES;
				CLANG_WARN_INFINITE_RECURSION = YES;
				CLANG_WARN_INT_CONVERSION = YES;
				CLANG_WARN_NON_LITERAL_NULL_CONVERSION = YES;
				CLANG_WARN_OBJC_IMPLICIT_RETAIN_SELF = YES;
				CLANG_WARN_OBJC_LITERAL_CONVERSION = YES;
				CLANG_WARN_OBJC_ROOT_CLASS = YES_ERROR;
				CLANG_WARN_QUOTED_INCLUDE_IN_FRAMEWORK_HEADER = YES;
				CLANG_WARN_RANGE_LOOP_ANALYSIS = YES;
				CLANG_WARN_STRICT_PROTOTYPES = YES;
				CLANG_WARN_SUSPICIOUS_MOVE = YES;
				CLANG_WARN_UNGUARDED_AVAILABILITY = YES_AGGRESSIVE;
				CLANG_WARN_UNREACHABLE_CODE = YES;
				CLANG_WARN__DUPLICATE_METHOD_MATCH = YES;
				COPY_PHASE_STRIP = NO;
				DEBUG_INFORMATION_FORMAT = "dwarf-with-dsym";
				ENABLE_NS_ASSERTIONS = NO;
				ENABLE_STRICT_OBJC_MSGSEND = YES;
				ENABLE_USER_SCRIPT_SANDBOXING = YES;
				GCC_C_LANGUAGE_STANDARD = gnu17;
				GCC_NO_COMMON_BLOCKS = YES;
				GCC_WARN_64_TO_32_BIT_CONVERSION = YES;
				GCC_WARN_ABOUT_RETURN_TYPE = YES_ERROR;
				GCC_WARN_UNDECLARED_SELECTOR = YES;
				GCC_WARN_UNINITIALIZED_AUTOS = YES_AGGRESSIVE;
				GCC_WARN_UNUSED_FUNCTION = YES;
				GCC_WARN_UNUSED_VARIABLE = YES;
				IPHONEOS_DEPLOYMENT_TARGET = 18.2;
				LOCALIZATION_PREFERS_STRING_CATALOGS = YES;
				MTL_ENABLE_DEBUG_INFO = NO;
				MTL_FAST_MATH = YES;
				SDKROOT = iphoneos;
				SWIFT_COMPILATION_MODE = wholemodule;
				VALIDATE_PRODUCT = YES;
			};
			name = Release;
		};
		B3B193812D21AB0000C55D2A /* Debug */ = {
			isa = XCBuildConfiguration;
			buildSettings = {
				BUNDLE_LOADER = "$(TEST_HOST)";
				CODE_SIGN_STYLE = Automatic;
				CURRENT_PROJECT_VERSION = 1;
				GENERATE_INFOPLIST_FILE = YES;
				IPHONEOS_DEPLOYMENT_TARGET = 18.2;
				MARKETING_VERSION = 1.0;
				PRODUCT_BUNDLE_IDENTIFIER = "com.alimullah.Date-TimeTests";
				PRODUCT_NAME = "$(TARGET_NAME)";
				SWIFT_EMIT_LOC_STRINGS = NO;
				SWIFT_VERSION = 5.0;
				TARGETED_DEVICE_FAMILY = "1,2";
				TEST_HOST = "$(BUILT_PRODUCTS_DIR)/Date_Time.app/$(BUNDLE_EXECUTABLE_FOLDER_PATH)/Date_Time";
			};
			name = Debug;
		};
		B3B193822D21AB0000C55D2A /* Release */ = {
			isa = XCBuildConfiguration;
			buildSettings = {
				BUNDLE_LOADER = "$(TEST_HOST)";
				CODE_SIGN_STYLE = Automatic;
				CURRENT_PROJECT_VERSION = 1;
				GENERATE_INFOPLIST_FILE = YES;
				IPHONEOS_DEPLOYMENT_TARGET = 18.2;
				MARKETING_VERSION = 1.0;
				PRODUCT_BUNDLE_IDENTIFIER = "com.alimullah.Date-TimeTests";
				PRODUCT_NAME = "$(TARGET_NAME)";
				SWIFT_EMIT_LOC_STRINGS = NO;
				SWIFT_VERSION = 5.0;
				TARGETED_DEVICE_FAMILY = "1,2";
				TEST_HOST = "$(BUILT_PRODUCTS_DIR)/Date_Time.app/$(BUNDLE_EXECUTABLE_FOLDER_PATH)/Date_Time";
			};
			name = Release;
		};
		B3B193842D21AB0000C55D2A /* Debug */ = {
			isa = XCBuildConfiguration;
			buildSettings = {
				CODE_SIGN_STYLE = Automatic;
				CURRENT_PROJECT_VERSION = 1;
				GENERATE_INFOPLIST_FILE = YES;
				MARKETING_VERSION = 1.0;
				PRODUCT_BUNDLE_IDENTIFIER = "com.alimullah.Date-TimeUITests";
				PRODUCT_NAME = "$(TARGET_NAME)";
				SWIFT_EMIT_LOC_STRINGS = NO;
				SWIFT_VERSION = 5.0;
				TARGETED_DEVICE_FAMILY = "1,2";
				TEST_TARGET_NAME = Date_Time;
			};
			name = Debug;
		};
		B3B193852D21AB0000C55D2A /* Release */ = {
			isa = XCBuildConfiguration;
			buildSettings = {
				CODE_SIGN_STYLE = Automatic;
				CURRENT_PROJECT_VERSION = 1;
				GENERATE_INFOPLIST_FILE = YES;
				MARKETING_VERSION = 1.0;
				PRODUCT_BUNDLE_IDENTIFIER = "com.alimullah.Date-TimeUITests";
				PRODUCT_NAME = "$(TARGET_NAME)";
				SWIFT_EMIT_LOC_STRINGS = NO;
				SWIFT_VERSION = 5.0;
				TARGETED_DEVICE_FAMILY = "1,2";
				TEST_TARGET_NAME = Date_Time;
			};
			name = Release;
		};
/* End XCBuildConfiguration section */

/* Begin XCConfigurationList section */
		B3B1934D2D21AAFA00C55D2A /* Build configuration list for PBXProject "Date_Time" */ = {
			isa = XCConfigurationList;
			buildConfigurations = (
				B3B1937E2D21AB0000C55D2A /* Debug */,
				B3B1937F2D21AB0000C55D2A /* Release */,
			);
			defaultConfigurationIsVisible = 0;
			defaultConfigurationName = Release;
		};
		B3B1937B2D21AB0000C55D2A /* Build configuration list for PBXNativeTarget "Date_Time" */ = {
			isa = XCConfigurationList;
			buildConfigurations = (
				B3B1937C2D21AB0000C55D2A /* Debug */,
				B3B1937D2D21AB0000C55D2A /* Release */,
			);
			defaultConfigurationIsVisible = 0;
			defaultConfigurationName = Release;
		};
		B3B193802D21AB0000C55D2A /* Build configuration list for PBXNativeTarget "Date_TimeTests" */ = {
			isa = XCConfigurationList;
			buildConfigurations = (
				B3B193812D21AB0000C55D2A /* Debug */,
				B3B193822D21AB0000C55D2A /* Release */,
			);
			defaultConfigurationIsVisible = 0;
			defaultConfigurationName = Release;
		};
		B3B193832D21AB0000C55D2A /* Build configuration list for PBXNativeTarget "Date_TimeUITests" */ = {
			isa = XCConfigurationList;
			buildConfigurations = (
				B3B193842D21AB0000C55D2A /* Debug */,
				B3B193852D21AB0000C55D2A /* Release */,
			);
			defaultConfigurationIsVisible = 0;
			defaultConfigurationName = Release;
		};
/* End XCConfigurationList section */
	};
	rootObject = B3B1934A2D21AAFA00C55D2A /* Project object */;
}
