// !$*UTF8*$!
{
	archiveVersion = 1;
	classes = {
	};
	objectVersion = 77;
	objects = {

/* Begin PBXBuildFile section */
		685010FC2EBDB06E002795BD /* AppDelegate.swift in Sources */ = {isa = PBXBuildFile; fileRef = 685010F22EBDB06E002795BD /* AppDelegate.swift */; };
		685010FD2EBDB06E002795BD /* SceneDelegate.swift in Sources */ = {isa = PBXBuildFile; fileRef = 685010F92EBDB06E002795BD /* SceneDelegate.swift */; };
		685010FE2EBDB06E002795BD /* ViewController.swift in Sources */ = {isa = PBXBuildFile; fileRef = 685010FA2EBDB06E002795BD /* ViewController.swift */; };
		685010FF2EBDB06E002795BD /* Assets.xcassets in Resources */ = {isa = PBXBuildFile; fileRef = 685010F32EBDB06E002795BD /* Assets.xcassets */; };
		685011012EBDB06E002795BD /* LaunchScreen.storyboard in Resources */ = {isa = PBXBuildFile; fileRef = 685010F62EBDB06E002795BD /* LaunchScreen.storyboard */; };
		685011022EBDB06E002795BD /* Main.storyboard in Resources */ = {isa = PBXBuildFile; fileRef = 685010F82EBDB06E002795BD /* Main.storyboard */; };
		685011062EBDB1C2002795BD /* CustomView.xib in Resources */ = {isa = PBXBuildFile; fileRef = 685011052EBDB1C2002795BD /* CustomView.xib */; };
		685011082EBDB24E002795BD /* CustomView.swift in Sources */ = {isa = PBXBuildFile; fileRef = 685011072EBDB24E002795BD /* CustomView.swift */; };
/* End PBXBuildFile section */

/* Begin PBXFileReference section */
		685010D42EBDB02F002795BD /* CustomSubView.app */ = {isa = PBXFileReference; explicitFileType = wrapper.application; includeInIndex = 0; path = CustomSubView.app; sourceTree = BUILT_PRODUCTS_DIR; };
		685010F22EBDB06E002795BD /* AppDelegate.swift */ = {isa = PBXFileReference; lastKnownFileType = sourcecode.swift; path = AppDelegate.swift; sourceTree = "<group>"; };
		685010F32EBDB06E002795BD /* Assets.xcassets */ = {isa = PBXFileReference; lastKnownFileType = folder.assetcatalog; path = Assets.xcassets; sourceTree = "<group>"; };
		685010F42EBDB06E002795BD /* Info.plist */ = {isa = PBXFileReference; lastKnownFileType = text.plist.xml; path = Info.plist; sourceTree = "<group>"; };
		685010F52EBDB06E002795BD /* Base */ = {isa = PBXFileReference; lastKnownFileType = file.storyboard; name = Base; path = Base.lproj/LaunchScreen.storyboard; sourceTree = "<group>"; };
		685010F72EBDB06E002795BD /* Base */ = {isa = PBXFileReference; lastKnownFileType = file.storyboard; name = Base; path = Base.lproj/Main.storyboard; sourceTree = "<group>"; };
		685010F92EBDB06E002795BD /* SceneDelegate.swift */ = {isa = PBXFileReference; lastKnownFileType = sourcecode.swift; path = SceneDelegate.swift; sourceTree = "<group>"; };
		685010FA2EBDB06E002795BD /* ViewController.swift */ = {isa = PBXFileReference; lastKnownFileType = sourcecode.swift; path = ViewController.swift; sourceTree = "<group>"; };
		685011052EBDB1C2002795BD /* CustomView.xib */ = {isa = PBXFileReference; lastKnownFileType = file.xib; path = CustomView.xib; sourceTree = "<group>"; };
		685011072EBDB24E002795BD /* CustomView.swift */ = {isa = PBXFileReference; lastKnownFileType = sourcecode.swift; path = CustomView.swift; sourceTree = "<group>"; };
/* End PBXFileReference section */

/* Begin PBXFrameworksBuildPhase section */
		685010D12EBDB02F002795BD /* Frameworks */ = {
			isa = PBXFrameworksBuildPhase;
			buildActionMask = 2147483647;
			files = (
			);
			runOnlyForDeploymentPostprocessing = 0;
		};
/* End PBXFrameworksBuildPhase section */

/* Begin PBXGroup section */
		685010CB2EBDB02F002795BD = {
			isa = PBXGroup;
			children = (
				685010FB2EBDB06E002795BD /* CustomSubView */,
				685010D52EBDB02F002795BD /* Products */,
			);
			sourceTree = "<group>";
		};
		685010D52EBDB02F002795BD /* Products */ = {
			isa = PBXGroup;
			children = (
				685010D42EBDB02F002795BD /* CustomSubView.app */,
			);
			name = Products;
			sourceTree = "<group>";
		};
		685010EF2EBDB06E002795BD /* Controller */ = {
			isa = PBXGroup;
			children = (
				685010F82EBDB06E002795BD /* Main.storyboard */,
				685010FA2EBDB06E002795BD /* ViewController.swift */,
			);
			path = Controller;
			sourceTree = "<group>";
		};
		685010F02EBDB06E002795BD /* SeenDelegate */ = {
			isa = PBXGroup;
			children = (
				685010F22EBDB06E002795BD /* AppDelegate.swift */,
				685010F92EBDB06E002795BD /* SceneDelegate.swift */,
			);
			path = SeenDelegate;
			sourceTree = "<group>";
		};
		685010F12EBDB06E002795BD /* View */ = {
			isa = PBXGroup;
			children = (
				685011042EBDB104002795BD /* CustomView */,
			);
			path = View;
			sourceTree = "<group>";
		};
		685010FB2EBDB06E002795BD /* CustomSubView */ = {
			isa = PBXGroup;
			children = (
				685010F02EBDB06E002795BD /* SeenDelegate */,
				685010F12EBDB06E002795BD /* View */,
				685010EF2EBDB06E002795BD /* Controller */,
				685010F32EBDB06E002795BD /* Assets.xcassets */,
				685010F42EBDB06E002795BD /* Info.plist */,
				685010F62EBDB06E002795BD /* LaunchScreen.storyboard */,
			);
			path = CustomSubView;
			sourceTree = "<group>";
		};
		685011042EBDB104002795BD /* CustomView */ = {
			isa = PBXGroup;
			children = (
				685011052EBDB1C2002795BD /* CustomView.xib */,
				685011072EBDB24E002795BD /* CustomView.swift */,
			);
			path = CustomView;
			sourceTree = "<group>";
		};
/* End PBXGroup section */

/* Begin PBXNativeTarget section */
		685010D32EBDB02F002795BD /* CustomSubView */ = {
			isa = PBXNativeTarget;
			buildConfigurationList = 685010E72EBDB031002795BD /* Build configuration list for PBXNativeTarget "CustomSubView" */;
			buildPhases = (
				685010D02EBDB02F002795BD /* Sources */,
				685010D12EBDB02F002795BD /* Frameworks */,
				685010D22EBDB02F002795BD /* Resources */,
			);
			buildRules = (
			);
			dependencies = (
			);
			name = CustomSubView;
			packageProductDependencies = (
			);
			productName = CustomSubView;
			productReference = 685010D42EBDB02F002795BD /* CustomSubView.app */;
			productType = "com.apple.product-type.application";
		};
/* End PBXNativeTarget section */

/* Begin PBXProject section */
		685010CC2EBDB02F002795BD /* Project object */ = {
			isa = PBXProject;
			attributes = {
				BuildIndependentTargetsInParallel = 1;
				LastSwiftUpdateCheck = 1620;
				LastUpgradeCheck = 1620;
				TargetAttributes = {
					685010D32EBDB02F002795BD = {
						CreatedOnToolsVersion = 16.2;
					};
				};
			};
			buildConfigurationList = 685010CF2EBDB02F002795BD /* Build configuration list for PBXProject "CustomSubView" */;
			developmentRegion = en;
			hasScannedForEncodings = 0;
			knownRegions = (
				en,
				Base,
			);
			mainGroup = 685010CB2EBDB02F002795BD;
			minimizedProjectReferenceProxies = 1;
			preferredProjectObjectVersion = 77;
			productRefGroup = 685010D52EBDB02F002795BD /* Products */;
			projectDirPath = "";
			projectRoot = "";
			targets = (
				685010D32EBDB02F002795BD /* CustomSubView */,
			);
		};
/* End PBXProject section */

/* Begin PBXResourcesBuildPhase section */
		685010D22EBDB02F002795BD /* Resources */ = {
			isa = PBXResourcesBuildPhase;
			buildActionMask = 2147483647;
			files = (
				685010FF2EBDB06E002795BD /* Assets.xcassets in Resources */,
				685011062EBDB1C2002795BD /* CustomView.xib in Resources */,
				685011012EBDB06E002795BD /* LaunchScreen.storyboard in Resources */,
				685011022EBDB06E002795BD /* Main.storyboard in Resources */,
			);
			runOnlyForDeploymentPostprocessing = 0;
		};
/* End PBXResourcesBuildPhase section */

/* Begin PBXSourcesBuildPhase section */
		685010D02EBDB02F002795BD /* Sources */ = {
			isa = PBXSourcesBuildPhase;
			buildActionMask = 2147483647;
			files = (
				685010FC2EBDB06E002795BD /* AppDelegate.swift in Sources */,
				685011082EBDB24E002795BD /* CustomView.swift in Sources */,
				685010FD2EBDB06E002795BD /* SceneDelegate.swift in Sources */,
				685010FE2EBDB06E002795BD /* ViewController.swift in Sources */,
			);
			runOnlyForDeploymentPostprocessing = 0;
		};
/* End PBXSourcesBuildPhase section */

/* Begin PBXVariantGroup section */
		685010F62EBDB06E002795BD /* LaunchScreen.storyboard */ = {
			isa = PBXVariantGroup;
			children = (
				685010F52EBDB06E002795BD /* Base */,
			);
			name = LaunchScreen.storyboard;
			sourceTree = "<group>";
		};
		685010F82EBDB06E002795BD /* Main.storyboard */ = {
			isa = PBXVariantGroup;
			children = (
				685010F72EBDB06E002795BD /* Base */,
			);
			name = Main.storyboard;
			sourceTree = "<group>";
		};
/* End PBXVariantGroup section */

/* Begin XCBuildConfiguration section */
		685010E82EBDB031002795BD /* Debug */ = {
			isa = XCBuildConfiguration;
			buildSettings = {
				ASSETCATALOG_COMPILER_APPICON_NAME = AppIcon;
				ASSETCATALOG_COMPILER_GLOBAL_ACCENT_COLOR_NAME = AccentColor;
				CODE_SIGN_STYLE = Automatic;
				CURRENT_PROJECT_VERSION = 1;
				DEVELOPMENT_TEAM = BFAS4438SH;
				GENERATE_INFOPLIST_FILE = YES;
				INFOPLIST_FILE = CustomSubView/Info.plist;
				INFOPLIST_KEY_UIApplicationSupportsIndirectInputEvents = YES;
				INFOPLIST_KEY_UILaunchStoryboardName = LaunchScreen;
				INFOPLIST_KEY_UIMainStoryboardFile = Main;
				INFOPLIST_KEY_UISupportedInterfaceOrientations_iPad = "UIInterfaceOrientationPortrait UIInterfaceOrientationPortraitUpsideDown UIInterfaceOrientationLandscapeLeft UIInterfaceOrientationLandscapeRight";
				INFOPLIST_KEY_UISupportedInterfaceOrientations_iPhone = "UIInterfaceOrientationPortrait UIInterfaceOrientationLandscapeLeft UIInterfaceOrientationLandscapeRight";
				LD_RUNPATH_SEARCH_PATHS = (
					"$(inherited)",
					"@executable_path/Frameworks",
				);
				MARKETING_VERSION = 1.0;
				PRODUCT_BUNDLE_IDENTIFIER = Ali.com.CustomSubView;
				PRODUCT_NAME = "$(TARGET_NAME)";
				SWIFT_EMIT_LOC_STRINGS = YES;
				SWIFT_VERSION = 5.0;
				TARGETED_DEVICE_FAMILY = "1,2";
			};
			name = Debug;
		};
		685010E92EBDB031002795BD /* Release */ = {
			isa = XCBuildConfiguration;
			buildSettings = {
				ASSETCATALOG_COMPILER_APPICON_NAME = AppIcon;
				ASSETCATALOG_COMPILER_GLOBAL_ACCENT_COLOR_NAME = AccentColor;
				CODE_SIGN_STYLE = Automatic;
				CURRENT_PROJECT_VERSION = 1;
				DEVELOPMENT_TEAM = BFAS4438SH;
				GENERATE_INFOPLIST_FILE = YES;
				INFOPLIST_FILE = CustomSubView/Info.plist;
				INFOPLIST_KEY_UIApplicationSupportsIndirectInputEvents = YES;
				INFOPLIST_KEY_UILaunchStoryboardName = LaunchScreen;
				INFOPLIST_KEY_UIMainStoryboardFile = Main;
				INFOPLIST_KEY_UISupportedInterfaceOrientations_iPad = "UIInterfaceOrientationPortrait UIInterfaceOrientationPortraitUpsideDown UIInterfaceOrientationLandscapeLeft UIInterfaceOrientationLandscapeRight";
				INFOPLIST_KEY_UISupportedInterfaceOrientations_iPhone = "UIInterfaceOrientationPortrait UIInterfaceOrientationLandscapeLeft UIInterfaceOrientationLandscapeRight";
				LD_RUNPATH_SEARCH_PATHS = (
					"$(inherited)",
					"@executable_path/Frameworks",
				);
				MARKETING_VERSION = 1.0;
				PRODUCT_BUNDLE_IDENTIFIER = Ali.com.CustomSubView;
				PRODUCT_NAME = "$(TARGET_NAME)";
				SWIFT_EMIT_LOC_STRINGS = YES;
				SWIFT_VERSION = 5.0;
				TARGETED_DEVICE_FAMILY = "1,2";
			};
			name = Release;
		};
		685010EA2EBDB031002795BD /* Debug */ = {
			isa = XCBuildConfiguration;
			buildSettings = {
				ALWAYS_SEARCH_USER_PATHS = NO;
				ASSETCATALOG_COMPILER_GENERATE_SWIFT_ASSET_SYMBOL_EXTENSIONS = YES;
				CLANG_ANALYZER_NONNULL = YES;
				CLANG_ANALYZER_NUMBER_OBJECT_CONVERSION = YES_AGGRESSIVE;
				CLANG_CXX_LANGUAGE_STANDARD = "gnu++20";
				CLANG_ENABLE_MODULES = YES;
				CLANG_ENABLE_OBJC_ARC = YES;
				CLANG_ENABLE_OBJC_WEAK = YES;
				CLANG_WARN_BLOCK_CAPTURE_AUTORELEASING = YES;
				CLANG_WARN_BOOL_CONVERSION = YES;
				CLANG_WARN_COMMA = YES;
				CLANG_WARN_CONSTANT_CONVERSION = YES;
				CLANG_WARN_DEPRECATED_OBJC_IMPLEMENTATIONS = YES;
				CLANG_WARN_DIRECT_OBJC_ISA_USAGE = YES_ERROR;
				CLANG_WARN_DOCUMENTATION_COMMENTS = YES;
				CLANG_WARN_EMPTY_BODY = YES;
				CLANG_WARN_ENUM_CONVERSION = YES;
				CLANG_WARN_INFINITE_RECURSION = YES;
				CLANG_WARN_INT_CONVERSION = YES;
				CLANG_WARN_NON_LITERAL_NULL_CONVERSION = YES;
				CLANG_WARN_OBJC_IMPLICIT_RETAIN_SELF = YES;
				CLANG_WARN_OBJC_LITERAL_CONVERSION = YES;
				CLANG_WARN_OBJC_ROOT_CLASS = YES_ERROR;
				CLANG_WARN_QUOTED_INCLUDE_IN_FRAMEWORK_HEADER = YES;
				CLANG_WARN_RANGE_LOOP_ANALYSIS = YES;
				CLANG_WARN_STRICT_PROTOTYPES = YES;
				CLANG_WARN_SUSPICIOUS_MOVE = YES;
				CLANG_WARN_UNGUARDED_AVAILABILITY = YES_AGGRESSIVE;
				CLANG_WARN_UNREACHABLE_CODE = YES;
				CLANG_WARN__DUPLICATE_METHOD_MATCH = YES;
				COPY_PHASE_STRIP = NO;
				DEBUG_INFORMATION_FORMAT = dwarf;
				ENABLE_STRICT_OBJC_MSGSEND = YES;
				ENABLE_TESTABILITY = YES;
				ENABLE_USER_SCRIPT_SANDBOXING = YES;
				GCC_C_LANGUAGE_STANDARD = gnu17;
				GCC_DYNAMIC_NO_PIC = NO;
				GCC_NO_COMMON_BLOCKS = YES;
				GCC_OPTIMIZATION_LEVEL = 0;
				GCC_PREPROCESSOR_DEFINITIONS = (
					"DEBUG=1",
					"$(inherited)",
				);
				GCC_WARN_64_TO_32_BIT_CONVERSION = YES;
				GCC_WARN_ABOUT_RETURN_TYPE = YES_ERROR;
				GCC_WARN_UNDECLARED_SELECTOR = YES;
				GCC_WARN_UNINITIALIZED_AUTOS = YES_AGGRESSIVE;
				GCC_WARN_UNUSED_FUNCTION = YES;
				GCC_WARN_UNUSED_VARIABLE = YES;
				IPHONEOS_DEPLOYMENT_TARGET = 18.2;
				LOCALIZATION_PREFERS_STRING_CATALOGS = YES;
				MTL_ENABLE_DEBUG_INFO = INCLUDE_SOURCE;
				MTL_FAST_MATH = YES;
				ONLY_ACTIVE_ARCH = YES;
				SDKROOT = iphoneos;
				SWIFT_ACTIVE_COMPILATION_CONDITIONS = "DEBUG $(inherited)";
				SWIFT_OPTIMIZATION_LEVEL = "-Onone";
			};
			name = Debug;
		};
		685010EB2EBDB031002795BD /* Release */ = {
			isa = XCBuildConfiguration;
			buildSettings = {
				ALWAYS_SEARCH_USER_PATHS = NO;
				ASSETCATALOG_COMPILER_GENERATE_SWIFT_ASSET_SYMBOL_EXTENSIONS = YES;
				CLANG_ANALYZER_NONNULL = YES;
				CLANG_ANALYZER_NUMBER_OBJECT_CONVERSION = YES_AGGRESSIVE;
				CLANG_CXX_LANGUAGE_STANDARD = "gnu++20";
				CLANG_ENABLE_MODULES = YES;
				CLANG_ENABLE_OBJC_ARC = YES;
				CLANG_ENABLE_OBJC_WEAK = YES;
				CLANG_WARN_BLOCK_CAPTURE_AUTORELEASING = YES;
				CLANG_WARN_BOOL_CONVERSION = YES;
				CLANG_WARN_COMMA = YES;
				CLANG_WARN_CONSTANT_CONVERSION = YES;
				CLANG_WARN_DEPRECATED_OBJC_IMPLEMENTATIONS = YES;
				CLANG_WARN_DIRECT_OBJC_ISA_USAGE = YES_ERROR;
				CLANG_WARN_DOCUMENTATION_COMMENTS = YES;
				CLANG_WARN_EMPTY_BODY = YES;
				CLANG_WARN_ENUM_CONVERSION = YES;
				CLANG_WARN_INFINITE_RECURSION = YES;
				CLANG_WARN_INT_CONVERSION = YES;
				CLANG_WARN_NON_LITERAL_NULL_CONVERSION = YES;
				CLANG_WARN_OBJC_IMPLICIT_RETAIN_SELF = YES;
				CLANG_WARN_OBJC_LITERAL_CONVERSION = YES;
				CLANG_WARN_OBJC_ROOT_CLASS = YES_ERROR;
				CLANG_WARN_QUOTED_INCLUDE_IN_FRAMEWORK_HEADER = YES;
				CLANG_WARN_RANGE_LOOP_ANALYSIS = YES;
				CLANG_WARN_STRICT_PROTOTYPES = YES;
				CLANG_WARN_SUSPICIOUS_MOVE = YES;
				CLANG_WARN_UNGUARDED_AVAILABILITY = YES_AGGRESSIVE;
				CLANG_WARN_UNREACHABLE_CODE = YES;
				CLANG_WARN__DUPLICATE_METHOD_MATCH = YES;
				COPY_PHASE_STRIP = NO;
				DEBUG_INFORMATION_FORMAT = "dwarf-with-dsym";
				ENABLE_NS_ASSERTIONS = NO;
				ENABLE_STRICT_OBJC_MSGSEND = YES;
				ENABLE_USER_SCRIPT_SANDBOXING = YES;
				GCC_C_LANGUAGE_STANDARD = gnu17;
				GCC_NO_COMMON_BLOCKS = YES;
				GCC_WARN_64_TO_32_BIT_CONVERSION = YES;
				GCC_WARN_ABOUT_RETURN_TYPE = YES_ERROR;
				GCC_WARN_UNDECLARED_SELECTOR = YES;
				GCC_WARN_UNINITIALIZED_AUTOS = YES_AGGRESSIVE;
				GCC_WARN_UNUSED_FUNCTION = YES;
				GCC_WARN_UNUSED_VARIABLE = YES;
				IPHONEOS_DEPLOYMENT_TARGET = 18.2;
				LOCALIZATION_PREFERS_STRING_CATALOGS = YES;
				MTL_ENABLE_DEBUG_INFO = NO;
				MTL_FAST_MATH = YES;
				SDKROOT = iphoneos;
				SWIFT_COMPILATION_MODE = wholemodule;
				VALIDATE_PRODUCT = YES;
			};
			name = Release;
		};
/* End XCBuildConfiguration section */

/* Begin XCConfigurationList section */
		685010CF2EBDB02F002795BD /* Build configuration list for PBXProject "CustomSubView" */ = {
			isa = XCConfigurationList;
			buildConfigurations = (
				685010EA2EBDB031002795BD /* Debug */,
				685010EB2EBDB031002795BD /* Release */,
			);
			defaultConfigurationIsVisible = 0;
			defaultConfigurationName = Release;
		};
		685010E72EBDB031002795BD /* Build configuration list for PBXNativeTarget "CustomSubView" */ = {
			isa = XCConfigurationList;
			buildConfigurations = (
				685010E82EBDB031002795BD /* Debug */,
				685010E92EBDB031002795BD /* Release */,
			);
			defaultConfigurationIsVisible = 0;
			defaultConfigurationName = Release;
		};
/* End XCConfigurationList section */
	};
	rootObject = 685010CC2EBDB02F002795BD /* Project object */;
}
