// !$*UTF8*$!
{
	archiveVersion = 1;
	classes = {
	};
	objectVersion = 77;
	objects = {

/* Begin PBXBuildFile section */
		B33A65012E758EA100561C89 /* CoreDataManager.swift in Sources */ = {isa = PBXBuildFile; fileRef = B33A65002E758E9F00561C89 /* CoreDataManager.swift */; };
		B33A65042E75B8A700561C89 /* ToDoEntity+CoreDataClass.swift in Sources */ = {isa = PBXBuildFile; fileRef = B33A65022E75B8A700561C89 /* ToDoEntity+CoreDataClass.swift */; };
		B33A65052E75B8A700561C89 /* ToDoEntity+CoreDataProperties.swift in Sources */ = {isa = PBXBuildFile; fileRef = B33A65032E75B8A700561C89 /* ToDoEntity+CoreDataProperties.swift */; };
		B33DC8E12E72CA9300C37784 /* CoreDataTodoList.xcdatamodeld in Sources */ = {isa = PBXBuildFile; fileRef = B33DC8D62E72CA9300C37784 /* CoreDataTodoList.xcdatamodeld */; };
		B33DC8E42E72CA9300C37784 /* Assets.xcassets in Resources */ = {isa = PBXBuildFile; fileRef = B33DC8D52E72CA9300C37784 /* Assets.xcassets */; };
		B33DC8E62E72CA9300C37784 /* LaunchScreen.storyboard in Resources */ = {isa = PBXBuildFile; fileRef = B33DC8D92E72CA9300C37784 /* LaunchScreen.storyboard */; };
		B33DC8EC2E72E7F700C37784 /* AppDelegate.swift in Sources */ = {isa = PBXBuildFile; fileRef = B33DC8E92E72E7F700C37784 /* AppDelegate.swift */; };
		B33DC8ED2E72E7F700C37784 /* SceneDelegate.swift in Sources */ = {isa = PBXBuildFile; fileRef = B33DC8EA2E72E7F700C37784 /* SceneDelegate.swift */; };
		B33DC8F92E72E8A700C37784 /* ViewController.swift in Sources */ = {isa = PBXBuildFile; fileRef = B33DC8F72E72E8A700C37784 /* ViewController.swift */; };
		B33DC8FA2E72E8A700C37784 /* Main.storyboard in Resources */ = {isa = PBXBuildFile; fileRef = B33DC8F62E72E8A700C37784 /* Main.storyboard */; };
/* End PBXBuildFile section */

/* Begin PBXFileReference section */
		B33A65002E758E9F00561C89 /* CoreDataManager.swift */ = {isa = PBXFileReference; lastKnownFileType = sourcecode.swift; path = CoreDataManager.swift; sourceTree = "<group>"; };
		B33A65022E75B8A700561C89 /* ToDoEntity+CoreDataClass.swift */ = {isa = PBXFileReference; lastKnownFileType = sourcecode.swift; path = "ToDoEntity+CoreDataClass.swift"; sourceTree = "<group>"; };
		B33A65032E75B8A700561C89 /* ToDoEntity+CoreDataProperties.swift */ = {isa = PBXFileReference; lastKnownFileType = sourcecode.swift; path = "ToDoEntity+CoreDataProperties.swift"; sourceTree = "<group>"; };
		B33DC8B42E72C47E00C37784 /* CoreDataTodoList.app */ = {isa = PBXFileReference; explicitFileType = wrapper.application; includeInIndex = 0; path = CoreDataTodoList.app; sourceTree = BUILT_PRODUCTS_DIR; };
		B33DC8D52E72CA9300C37784 /* Assets.xcassets */ = {isa = PBXFileReference; lastKnownFileType = folder.assetcatalog; path = Assets.xcassets; sourceTree = "<group>"; };
		B33DC8D72E72CA9300C37784 /* Info.plist */ = {isa = PBXFileReference; lastKnownFileType = text.plist.xml; path = Info.plist; sourceTree = "<group>"; };
		B33DC8D82E72CA9300C37784 /* Base */ = {isa = PBXFileReference; lastKnownFileType = file.storyboard; name = Base; path = Base.lproj/LaunchScreen.storyboard; sourceTree = "<group>"; };
		B33DC8DF2E72CA9300C37784 /* CoreDataTodoList.xcdatamodel */ = {isa = PBXFileReference; lastKnownFileType = wrapper.xcdatamodel; path = CoreDataTodoList.xcdatamodel; sourceTree = "<group>"; };
		B33DC8E92E72E7F700C37784 /* AppDelegate.swift */ = {isa = PBXFileReference; lastKnownFileType = sourcecode.swift; path = AppDelegate.swift; sourceTree = "<group>"; };
		B33DC8EA2E72E7F700C37784 /* SceneDelegate.swift */ = {isa = PBXFileReference; lastKnownFileType = sourcecode.swift; path = SceneDelegate.swift; sourceTree = "<group>"; };
		B33DC8F52E72E8A700C37784 /* Base */ = {isa = PBXFileReference; lastKnownFileType = file.storyboard; name = Base; path = Base.lproj/Main.storyboard; sourceTree = "<group>"; };
		B33DC8F72E72E8A700C37784 /* ViewController.swift */ = {isa = PBXFileReference; lastKnownFileType = sourcecode.swift; path = ViewController.swift; sourceTree = "<group>"; };
/* End PBXFileReference section */

/* Begin PBXFrameworksBuildPhase section */
		B33DC8B12E72C47E00C37784 /* Frameworks */ = {
			isa = PBXFrameworksBuildPhase;
			buildActionMask = 2147483647;
			files = (
			);
			runOnlyForDeploymentPostprocessing = 0;
		};
/* End PBXFrameworksBuildPhase section */

/* Begin PBXGroup section */
		B33DC8AB2E72C47E00C37784 = {
			isa = PBXGroup;
			children = (
				B33DC8DE2E72CA9300C37784 /* CoreDataTodoList */,
				B33DC8B52E72C47E00C37784 /* Products */,
			);
			sourceTree = "<group>";
		};
		B33DC8B52E72C47E00C37784 /* Products */ = {
			isa = PBXGroup;
			children = (
				B33DC8B42E72C47E00C37784 /* CoreDataTodoList.app */,
			);
			name = Products;
			sourceTree = "<group>";
		};
		B33DC8D32E72CA7500C37784 /* TodoListItem */ = {
			isa = PBXGroup;
			children = (
			);
			path = TodoListItem;
			sourceTree = "<group>";
		};
		B33DC8DE2E72CA9300C37784 /* CoreDataTodoList */ = {
			isa = PBXGroup;
			children = (
				B33DC8EB2E72E7F700C37784 /* System */,
				B33DC8F12E72E81000C37784 /* Model */,
				B33DC8FC2E72E8B600C37784 /* View */,
				B33DC8F82E72E8A700C37784 /* Controller */,
				B33DC8D32E72CA7500C37784 /* TodoListItem */,
				B33DC8D52E72CA9300C37784 /* Assets.xcassets */,
				B33DC8D62E72CA9300C37784 /* CoreDataTodoList.xcdatamodeld */,
				B33DC8D72E72CA9300C37784 /* Info.plist */,
				B33DC8D92E72CA9300C37784 /* LaunchScreen.storyboard */,
			);
			path = CoreDataTodoList;
			sourceTree = "<group>";
		};
		B33DC8EB2E72E7F700C37784 /* System */ = {
			isa = PBXGroup;
			children = (
				B33DC8E92E72E7F700C37784 /* AppDelegate.swift */,
				B33DC8EA2E72E7F700C37784 /* SceneDelegate.swift */,
			);
			path = System;
			sourceTree = "<group>";
		};
		B33DC8F12E72E81000C37784 /* Model */ = {
			isa = PBXGroup;
			children = (
				B33A65002E758E9F00561C89 /* CoreDataManager.swift */,
				B33A65022E75B8A700561C89 /* ToDoEntity+CoreDataClass.swift */,
				B33A65032E75B8A700561C89 /* ToDoEntity+CoreDataProperties.swift */,
			);
			path = Model;
			sourceTree = "<group>";
		};
		B33DC8F82E72E8A700C37784 /* Controller */ = {
			isa = PBXGroup;
			children = (
				B33DC8F72E72E8A700C37784 /* ViewController.swift */,
				B33DC8F62E72E8A700C37784 /* Main.storyboard */,
			);
			path = Controller;
			sourceTree = "<group>";
		};
		B33DC8FC2E72E8B600C37784 /* View */ = {
			isa = PBXGroup;
			children = (
			);
			path = View;
			sourceTree = "<group>";
		};
/* End PBXGroup section */

/* Begin PBXNativeTarget section */
		B33DC8B32E72C47E00C37784 /* CoreDataTodoList */ = {
			isa = PBXNativeTarget;
			buildConfigurationList = B33DC8CA2E72C48300C37784 /* Build configuration list for PBXNativeTarget "CoreDataTodoList" */;
			buildPhases = (
				B33DC8B02E72C47E00C37784 /* Sources */,
				B33DC8B12E72C47E00C37784 /* Frameworks */,
				B33DC8B22E72C47E00C37784 /* Resources */,
			);
			buildRules = (
			);
			dependencies = (
			);
			name = CoreDataTodoList;
			packageProductDependencies = (
			);
			productName = CoreDataTodoList;
			productReference = B33DC8B42E72C47E00C37784 /* CoreDataTodoList.app */;
			productType = "com.apple.product-type.application";
		};
/* End PBXNativeTarget section */

/* Begin PBXProject section */
		B33DC8AC2E72C47E00C37784 /* Project object */ = {
			isa = PBXProject;
			attributes = {
				BuildIndependentTargetsInParallel = 1;
				LastSwiftUpdateCheck = 1640;
				LastUpgradeCheck = 1640;
				TargetAttributes = {
					B33DC8B32E72C47E00C37784 = {
						CreatedOnToolsVersion = 16.4;
					};
				};
			};
			buildConfigurationList = B33DC8AF2E72C47E00C37784 /* Build configuration list for PBXProject "CoreDataTodoList" */;
			developmentRegion = en;
			hasScannedForEncodings = 0;
			knownRegions = (
				en,
				Base,
			);
			mainGroup = B33DC8AB2E72C47E00C37784;
			minimizedProjectReferenceProxies = 1;
			preferredProjectObjectVersion = 77;
			productRefGroup = B33DC8B52E72C47E00C37784 /* Products */;
			projectDirPath = "";
			projectRoot = "";
			targets = (
				B33DC8B32E72C47E00C37784 /* CoreDataTodoList */,
			);
		};
/* End PBXProject section */

/* Begin PBXResourcesBuildPhase section */
		B33DC8B22E72C47E00C37784 /* Resources */ = {
			isa = PBXResourcesBuildPhase;
			buildActionMask = 2147483647;
			files = (
				B33DC8FA2E72E8A700C37784 /* Main.storyboard in Resources */,
				B33DC8E42E72CA9300C37784 /* Assets.xcassets in Resources */,
				B33DC8E62E72CA9300C37784 /* LaunchScreen.storyboard in Resources */,
			);
			runOnlyForDeploymentPostprocessing = 0;
		};
/* End PBXResourcesBuildPhase section */

/* Begin PBXSourcesBuildPhase section */
		B33DC8B02E72C47E00C37784 /* Sources */ = {
			isa = PBXSourcesBuildPhase;
			buildActionMask = 2147483647;
			files = (
				B33DC8F92E72E8A700C37784 /* ViewController.swift in Sources */,
				B33DC8E12E72CA9300C37784 /* CoreDataTodoList.xcdatamodeld in Sources */,
				B33DC8EC2E72E7F700C37784 /* AppDelegate.swift in Sources */,
				B33A65012E758EA100561C89 /* CoreDataManager.swift in Sources */,
				B33A65042E75B8A700561C89 /* ToDoEntity+CoreDataClass.swift in Sources */,
				B33A65052E75B8A700561C89 /* ToDoEntity+CoreDataProperties.swift in Sources */,
				B33DC8ED2E72E7F700C37784 /* SceneDelegate.swift in Sources */,
			);
			runOnlyForDeploymentPostprocessing = 0;
		};
/* End PBXSourcesBuildPhase section */

/* Begin PBXVariantGroup section */
		B33DC8D92E72CA9300C37784 /* LaunchScreen.storyboard */ = {
			isa = PBXVariantGroup;
			children = (
				B33DC8D82E72CA9300C37784 /* Base */,
			);
			name = LaunchScreen.storyboard;
			sourceTree = "<group>";
		};
		B33DC8F62E72E8A700C37784 /* Main.storyboard */ = {
			isa = PBXVariantGroup;
			children = (
				B33DC8F52E72E8A700C37784 /* Base */,
			);
			name = Main.storyboard;
			sourceTree = "<group>";
		};
/* End PBXVariantGroup section */

/* Begin XCBuildConfiguration section */
		B33DC8CB2E72C48300C37784 /* Debug */ = {
			isa = XCBuildConfiguration;
			buildSettings = {
				ASSETCATALOG_COMPILER_APPICON_NAME = AppIcon;
				ASSETCATALOG_COMPILER_GLOBAL_ACCENT_COLOR_NAME = AccentColor;
				CODE_SIGN_STYLE = Automatic;
				CURRENT_PROJECT_VERSION = 1;
				DEVELOPMENT_TEAM = VST6P4M9TD;
				GENERATE_INFOPLIST_FILE = YES;
				INFOPLIST_FILE = CoreDataTodoList/Info.plist;
				INFOPLIST_KEY_UIApplicationSupportsIndirectInputEvents = YES;
				INFOPLIST_KEY_UILaunchStoryboardName = LaunchScreen;
				INFOPLIST_KEY_UIMainStoryboardFile = Main;
				INFOPLIST_KEY_UISupportedInterfaceOrientations_iPad = "UIInterfaceOrientationPortrait UIInterfaceOrientationPortraitUpsideDown UIInterfaceOrientationLandscapeLeft UIInterfaceOrientationLandscapeRight";
				INFOPLIST_KEY_UISupportedInterfaceOrientations_iPhone = "UIInterfaceOrientationPortrait UIInterfaceOrientationLandscapeLeft UIInterfaceOrientationLandscapeRight";
				LD_RUNPATH_SEARCH_PATHS = (
					"$(inherited)",
					"@executable_path/Frameworks",
				);
				MARKETING_VERSION = 1.0;
				PRODUCT_BUNDLE_IDENTIFIER = com.alimullah.DocomentDirectoryTest;
				PRODUCT_NAME = "$(TARGET_NAME)";
				SWIFT_EMIT_LOC_STRINGS = YES;
				SWIFT_VERSION = 5.0;
				TARGETED_DEVICE_FAMILY = "1,2";
			};
			name = Debug;
		};
		B33DC8CC2E72C48300C37784 /* Release */ = {
			isa = XCBuildConfiguration;
			buildSettings = {
				ASSETCATALOG_COMPILER_APPICON_NAME = AppIcon;
				ASSETCATALOG_COMPILER_GLOBAL_ACCENT_COLOR_NAME = AccentColor;
				CODE_SIGN_STYLE = Automatic;
				CURRENT_PROJECT_VERSION = 1;
				DEVELOPMENT_TEAM = VST6P4M9TD;
				GENERATE_INFOPLIST_FILE = YES;
				INFOPLIST_FILE = CoreDataTodoList/Info.plist;
				INFOPLIST_KEY_UIApplicationSupportsIndirectInputEvents = YES;
				INFOPLIST_KEY_UILaunchStoryboardName = LaunchScreen;
				INFOPLIST_KEY_UIMainStoryboardFile = Main;
				INFOPLIST_KEY_UISupportedInterfaceOrientations_iPad = "UIInterfaceOrientationPortrait UIInterfaceOrientationPortraitUpsideDown UIInterfaceOrientationLandscapeLeft UIInterfaceOrientationLandscapeRight";
				INFOPLIST_KEY_UISupportedInterfaceOrientations_iPhone = "UIInterfaceOrientationPortrait UIInterfaceOrientationLandscapeLeft UIInterfaceOrientationLandscapeRight";
				LD_RUNPATH_SEARCH_PATHS = (
					"$(inherited)",
					"@executable_path/Frameworks",
				);
				MARKETING_VERSION = 1.0;
				PRODUCT_BUNDLE_IDENTIFIER = com.alimullah.DocomentDirectoryTest;
				PRODUCT_NAME = "$(TARGET_NAME)";
				SWIFT_EMIT_LOC_STRINGS = YES;
				SWIFT_VERSION = 5.0;
				TARGETED_DEVICE_FAMILY = "1,2";
			};
			name = Release;
		};
		B33DC8CD2E72C48300C37784 /* Debug */ = {
			isa = XCBuildConfiguration;
			buildSettings = {
				ALWAYS_SEARCH_USER_PATHS = NO;
				ASSETCATALOG_COMPILER_GENERATE_SWIFT_ASSET_SYMBOL_EXTENSIONS = YES;
				CLANG_ANALYZER_NONNULL = YES;
				CLANG_ANALYZER_NUMBER_OBJECT_CONVERSION = YES_AGGRESSIVE;
				CLANG_CXX_LANGUAGE_STANDARD = "gnu++20";
				CLANG_ENABLE_MODULES = YES;
				CLANG_ENABLE_OBJC_ARC = YES;
				CLANG_ENABLE_OBJC_WEAK = YES;
				CLANG_WARN_BLOCK_CAPTURE_AUTORELEASING = YES;
				CLANG_WARN_BOOL_CONVERSION = YES;
				CLANG_WARN_COMMA = YES;
				CLANG_WARN_CONSTANT_CONVERSION = YES;
				CLANG_WARN_DEPRECATED_OBJC_IMPLEMENTATIONS = YES;
				CLANG_WARN_DIRECT_OBJC_ISA_USAGE = YES_ERROR;
				CLANG_WARN_DOCUMENTATION_COMMENTS = YES;
				CLANG_WARN_EMPTY_BODY = YES;
				CLANG_WARN_ENUM_CONVERSION = YES;
				CLANG_WARN_INFINITE_RECURSION = YES;
				CLANG_WARN_INT_CONVERSION = YES;
				CLANG_WARN_NON_LITERAL_NULL_CONVERSION = YES;
				CLANG_WARN_OBJC_IMPLICIT_RETAIN_SELF = YES;
				CLANG_WARN_OBJC_LITERAL_CONVERSION = YES;
				CLANG_WARN_OBJC_ROOT_CLASS = YES_ERROR;
				CLANG_WARN_QUOTED_INCLUDE_IN_FRAMEWORK_HEADER = YES;
				CLANG_WARN_RANGE_LOOP_ANALYSIS = YES;
				CLANG_WARN_STRICT_PROTOTYPES = YES;
				CLANG_WARN_SUSPICIOUS_MOVE = YES;
				CLANG_WARN_UNGUARDED_AVAILABILITY = YES_AGGRESSIVE;
				CLANG_WARN_UNREACHABLE_CODE = YES;
				CLANG_WARN__DUPLICATE_METHOD_MATCH = YES;
				COPY_PHASE_STRIP = NO;
				DEBUG_INFORMATION_FORMAT = dwarf;
				ENABLE_STRICT_OBJC_MSGSEND = YES;
				ENABLE_TESTABILITY = YES;
				ENABLE_USER_SCRIPT_SANDBOXING = YES;
				GCC_C_LANGUAGE_STANDARD = gnu17;
				GCC_DYNAMIC_NO_PIC = NO;
				GCC_NO_COMMON_BLOCKS = YES;
				GCC_OPTIMIZATION_LEVEL = 0;
				GCC_PREPROCESSOR_DEFINITIONS = (
					"DEBUG=1",
					"$(inherited)",
				);
				GCC_WARN_64_TO_32_BIT_CONVERSION = YES;
				GCC_WARN_ABOUT_RETURN_TYPE = YES_ERROR;
				GCC_WARN_UNDECLARED_SELECTOR = YES;
				GCC_WARN_UNINITIALIZED_AUTOS = YES_AGGRESSIVE;
				GCC_WARN_UNUSED_FUNCTION = YES;
				GCC_WARN_UNUSED_VARIABLE = YES;
				IPHONEOS_DEPLOYMENT_TARGET = 18.5;
				LOCALIZATION_PREFERS_STRING_CATALOGS = YES;
				MTL_ENABLE_DEBUG_INFO = INCLUDE_SOURCE;
				MTL_FAST_MATH = YES;
				ONLY_ACTIVE_ARCH = YES;
				SDKROOT = iphoneos;
				SWIFT_ACTIVE_COMPILATION_CONDITIONS = "DEBUG $(inherited)";
				SWIFT_OPTIMIZATION_LEVEL = "-Onone";
			};
			name = Debug;
		};
		B33DC8CE2E72C48300C37784 /* Release */ = {
			isa = XCBuildConfiguration;
			buildSettings = {
				ALWAYS_SEARCH_USER_PATHS = NO;
				ASSETCATALOG_COMPILER_GENERATE_SWIFT_ASSET_SYMBOL_EXTENSIONS = YES;
				CLANG_ANALYZER_NONNULL = YES;
				CLANG_ANALYZER_NUMBER_OBJECT_CONVERSION = YES_AGGRESSIVE;
				CLANG_CXX_LANGUAGE_STANDARD = "gnu++20";
				CLANG_ENABLE_MODULES = YES;
				CLANG_ENABLE_OBJC_ARC = YES;
				CLANG_ENABLE_OBJC_WEAK = YES;
				CLANG_WARN_BLOCK_CAPTURE_AUTORELEASING = YES;
				CLANG_WARN_BOOL_CONVERSION = YES;
				CLANG_WARN_COMMA = YES;
				CLANG_WARN_CONSTANT_CONVERSION = YES;
				CLANG_WARN_DEPRECATED_OBJC_IMPLEMENTATIONS = YES;
				CLANG_WARN_DIRECT_OBJC_ISA_USAGE = YES_ERROR;
				CLANG_WARN_DOCUMENTATION_COMMENTS = YES;
				CLANG_WARN_EMPTY_BODY = YES;
				CLANG_WARN_ENUM_CONVERSION = YES;
				CLANG_WARN_INFINITE_RECURSION = YES;
				CLANG_WARN_INT_CONVERSION = YES;
				CLANG_WARN_NON_LITERAL_NULL_CONVERSION = YES;
				CLANG_WARN_OBJC_IMPLICIT_RETAIN_SELF = YES;
				CLANG_WARN_OBJC_LITERAL_CONVERSION = YES;
				CLANG_WARN_OBJC_ROOT_CLASS = YES_ERROR;
				CLANG_WARN_QUOTED_INCLUDE_IN_FRAMEWORK_HEADER = YES;
				CLANG_WARN_RANGE_LOOP_ANALYSIS = YES;
				CLANG_WARN_STRICT_PROTOTYPES = YES;
				CLANG_WARN_SUSPICIOUS_MOVE = YES;
				CLANG_WARN_UNGUARDED_AVAILABILITY = YES_AGGRESSIVE;
				CLANG_WARN_UNREACHABLE_CODE = YES;
				CLANG_WARN__DUPLICATE_METHOD_MATCH = YES;
				COPY_PHASE_STRIP = NO;
				DEBUG_INFORMATION_FORMAT = "dwarf-with-dsym";
				ENABLE_NS_ASSERTIONS = NO;
				ENABLE_STRICT_OBJC_MSGSEND = YES;
				ENABLE_USER_SCRIPT_SANDBOXING = YES;
				GCC_C_LANGUAGE_STANDARD = gnu17;
				GCC_NO_COMMON_BLOCKS = YES;
				GCC_WARN_64_TO_32_BIT_CONVERSION = YES;
				GCC_WARN_ABOUT_RETURN_TYPE = YES_ERROR;
				GCC_WARN_UNDECLARED_SELECTOR = YES;
				GCC_WARN_UNINITIALIZED_AUTOS = YES_AGGRESSIVE;
				GCC_WARN_UNUSED_FUNCTION = YES;
				GCC_WARN_UNUSED_VARIABLE = YES;
				IPHONEOS_DEPLOYMENT_TARGET = 18.5;
				LOCALIZATION_PREFERS_STRING_CATALOGS = YES;
				MTL_ENABLE_DEBUG_INFO = NO;
				MTL_FAST_MATH = YES;
				SDKROOT = iphoneos;
				SWIFT_COMPILATION_MODE = wholemodule;
				VALIDATE_PRODUCT = YES;
			};
			name = Release;
		};
/* End XCBuildConfiguration section */

/* Begin XCConfigurationList section */
		B33DC8AF2E72C47E00C37784 /* Build configuration list for PBXProject "CoreDataTodoList" */ = {
			isa = XCConfigurationList;
			buildConfigurations = (
				B33DC8CD2E72C48300C37784 /* Debug */,
				B33DC8CE2E72C48300C37784 /* Release */,
			);
			defaultConfigurationIsVisible = 0;
			defaultConfigurationName = Release;
		};
		B33DC8CA2E72C48300C37784 /* Build configuration list for PBXNativeTarget "CoreDataTodoList" */ = {
			isa = XCConfigurationList;
			buildConfigurations = (
				B33DC8CB2E72C48300C37784 /* Debug */,
				B33DC8CC2E72C48300C37784 /* Release */,
			);
			defaultConfigurationIsVisible = 0;
			defaultConfigurationName = Release;
		};
/* End XCConfigurationList section */

/* Begin XCVersionGroup section */
		B33DC8D62E72CA9300C37784 /* CoreDataTodoList.xcdatamodeld */ = {
			isa = XCVersionGroup;
			children = (
				B33DC8DF2E72CA9300C37784 /* CoreDataTodoList.xcdatamodel */,
			);
			currentVersion = B33DC8DF2E72CA9300C37784 /* CoreDataTodoList.xcdatamodel */;
			path = CoreDataTodoList.xcdatamodeld;
			sourceTree = "<group>";
			versionGroupType = wrapper.xcdatamodel;
		};
/* End XCVersionGroup section */
	};
	rootObject = B33DC8AC2E72C47E00C37784 /* Project object */;
}
