// !$*UTF8*$!
{
	archiveVersion = 1;
	classes = {
	};
	objectVersion = 77;
	objects = {

/* Begin PBXContainerItemProxy section */
		B374E4A12D4174F60072876B /* PBXContainerItemProxy */ = {
			isa = PBXContainerItemProxy;
			containerPortal = B374E4822D4174F30072876B /* Project object */;
			proxyType = 1;
			remoteGlobalIDString = B374E4892D4174F30072876B;
			remoteInfo = "Multiple Auto Layout";
		};
		B374E4AB2D4174F70072876B /* PBXContainerItemProxy */ = {
			isa = PBXContainerItemProxy;
			containerPortal = B374E4822D4174F30072876B /* Project object */;
			proxyType = 1;
			remoteGlobalIDString = B374E4892D4174F30072876B;
			remoteInfo = "Multiple Auto Layout";
		};
/* End PBXContainerItemProxy section */

/* Begin PBXFileReference section */
		B374E48A2D4174F30072876B /* Multiple Auto Layout.app */ = {isa = PBXFileReference; explicitFileType = wrapper.application; includeInIndex = 0; path = "Multiple Auto Layout.app"; sourceTree = BUILT_PRODUCTS_DIR; };
		B374E4A02D4174F60072876B /* Multiple Auto LayoutTests.xctest */ = {isa = PBXFileReference; explicitFileType = wrapper.cfbundle; includeInIndex = 0; path = "Multiple Auto LayoutTests.xctest"; sourceTree = BUILT_PRODUCTS_DIR; };
		B374E4AA2D4174F70072876B /* Multiple Auto LayoutUITests.xctest */ = {isa = PBXFileReference; explicitFileType = wrapper.cfbundle; includeInIndex = 0; path = "Multiple Auto LayoutUITests.xctest"; sourceTree = BUILT_PRODUCTS_DIR; };
/* End PBXFileReference section */

/* Begin PBXFileSystemSynchronizedBuildFileExceptionSet section */
		B374E4B22D4174F70072876B /* Exceptions for "Multiple Auto Layout" folder in "Multiple Auto Layout" target */ = {
			isa = PBXFileSystemSynchronizedBuildFileExceptionSet;
			membershipExceptions = (
				Info.plist,
			);
			target = B374E4892D4174F30072876B /* Multiple Auto Layout */;
		};
/* End PBXFileSystemSynchronizedBuildFileExceptionSet section */

/* Begin PBXFileSystemSynchronizedRootGroup section */
		B374E48C2D4174F30072876B /* Multiple Auto Layout */ = {
			isa = PBXFileSystemSynchronizedRootGroup;
			exceptions = (
				B374E4B22D4174F70072876B /* Exceptions for "Multiple Auto Layout" folder in "Multiple Auto Layout" target */,
			);
			path = "Multiple Auto Layout";
			sourceTree = "<group>";
		};
		B374E4A32D4174F60072876B /* Multiple Auto LayoutTests */ = {
			isa = PBXFileSystemSynchronizedRootGroup;
			path = "Multiple Auto LayoutTests";
			sourceTree = "<group>";
		};
		B374E4AD2D4174F70072876B /* Multiple Auto LayoutUITests */ = {
			isa = PBXFileSystemSynchronizedRootGroup;
			path = "Multiple Auto LayoutUITests";
			sourceTree = "<group>";
		};
/* End PBXFileSystemSynchronizedRootGroup section */

/* Begin PBXFrameworksBuildPhase section */
		B374E4872D4174F30072876B /* Frameworks */ = {
			isa = PBXFrameworksBuildPhase;
			buildActionMask = 2147483647;
			files = (
			);
			runOnlyForDeploymentPostprocessing = 0;
		};
		B374E49D2D4174F60072876B /* Frameworks */ = {
			isa = PBXFrameworksBuildPhase;
			buildActionMask = 2147483647;
			files = (
			);
			runOnlyForDeploymentPostprocessing = 0;
		};
		B374E4A72D4174F70072876B /* Frameworks */ = {
			isa = PBXFrameworksBuildPhase;
			buildActionMask = 2147483647;
			files = (
			);
			runOnlyForDeploymentPostprocessing = 0;
		};
/* End PBXFrameworksBuildPhase section */

/* Begin PBXGroup section */
		B374E4812D4174F30072876B = {
			isa = PBXGroup;
			children = (
				B374E48C2D4174F30072876B /* Multiple Auto Layout */,
				B374E4A32D4174F60072876B /* Multiple Auto LayoutTests */,
				B374E4AD2D4174F70072876B /* Multiple Auto LayoutUITests */,
				B374E48B2D4174F30072876B /* Products */,
			);
			sourceTree = "<group>";
		};
		B374E48B2D4174F30072876B /* Products */ = {
			isa = PBXGroup;
			children = (
				B374E48A2D4174F30072876B /* Multiple Auto Layout.app */,
				B374E4A02D4174F60072876B /* Multiple Auto LayoutTests.xctest */,
				B374E4AA2D4174F70072876B /* Multiple Auto LayoutUITests.xctest */,
			);
			name = Products;
			sourceTree = "<group>";
		};
/* End PBXGroup section */

/* Begin PBXNativeTarget section */
		B374E4892D4174F30072876B /* Multiple Auto Layout */ = {
			isa = PBXNativeTarget;
			buildConfigurationList = B374E4B32D4174F70072876B /* Build configuration list for PBXNativeTarget "Multiple Auto Layout" */;
			buildPhases = (
				B374E4862D4174F30072876B /* Sources */,
				B374E4872D4174F30072876B /* Frameworks */,
				B374E4882D4174F30072876B /* Resources */,
			);
			buildRules = (
			);
			dependencies = (
			);
			fileSystemSynchronizedGroups = (
				B374E48C2D4174F30072876B /* Multiple Auto Layout */,
			);
			name = "Multiple Auto Layout";
			packageProductDependencies = (
			);
			productName = "Multiple Auto Layout";
			productReference = B374E48A2D4174F30072876B /* Multiple Auto Layout.app */;
			productType = "com.apple.product-type.application";
		};
		B374E49F2D4174F60072876B /* Multiple Auto LayoutTests */ = {
			isa = PBXNativeTarget;
			buildConfigurationList = B374E4B82D4174F70072876B /* Build configuration list for PBXNativeTarget "Multiple Auto LayoutTests" */;
			buildPhases = (
				B374E49C2D4174F60072876B /* Sources */,
				B374E49D2D4174F60072876B /* Frameworks */,
				B374E49E2D4174F60072876B /* Resources */,
			);
			buildRules = (
			);
			dependencies = (
				B374E4A22D4174F60072876B /* PBXTargetDependency */,
			);
			fileSystemSynchronizedGroups = (
				B374E4A32D4174F60072876B /* Multiple Auto LayoutTests */,
			);
			name = "Multiple Auto LayoutTests";
			packageProductDependencies = (
			);
			productName = "Multiple Auto LayoutTests";
			productReference = B374E4A02D4174F60072876B /* Multiple Auto LayoutTests.xctest */;
			productType = "com.apple.product-type.bundle.unit-test";
		};
		B374E4A92D4174F70072876B /* Multiple Auto LayoutUITests */ = {
			isa = PBXNativeTarget;
			buildConfigurationList = B374E4BB2D4174F70072876B /* Build configuration list for PBXNativeTarget "Multiple Auto LayoutUITests" */;
			buildPhases = (
				B374E4A62D4174F70072876B /* Sources */,
				B374E4A72D4174F70072876B /* Frameworks */,
				B374E4A82D4174F70072876B /* Resources */,
			);
			buildRules = (
			);
			dependencies = (
				B374E4AC2D4174F70072876B /* PBXTargetDependency */,
			);
			fileSystemSynchronizedGroups = (
				B374E4AD2D4174F70072876B /* Multiple Auto LayoutUITests */,
			);
			name = "Multiple Auto LayoutUITests";
			packageProductDependencies = (
			);
			productName = "Multiple Auto LayoutUITests";
			productReference = B374E4AA2D4174F70072876B /* Multiple Auto LayoutUITests.xctest */;
			productType = "com.apple.product-type.bundle.ui-testing";
		};
/* End PBXNativeTarget section */

/* Begin PBXProject section */
		B374E4822D4174F30072876B /* Project object */ = {
			isa = PBXProject;
			attributes = {
				BuildIndependentTargetsInParallel = 1;
				LastSwiftUpdateCheck = 1620;
				LastUpgradeCheck = 1620;
				TargetAttributes = {
					B374E4892D4174F30072876B = {
						CreatedOnToolsVersion = 16.2;
					};
					B374E49F2D4174F60072876B = {
						CreatedOnToolsVersion = 16.2;
						TestTargetID = B374E4892D4174F30072876B;
					};
					B374E4A92D4174F70072876B = {
						CreatedOnToolsVersion = 16.2;
						TestTargetID = B374E4892D4174F30072876B;
					};
				};
			};
			buildConfigurationList = B374E4852D4174F30072876B /* Build configuration list for PBXProject "Multiple Auto Layout" */;
			developmentRegion = en;
			hasScannedForEncodings = 0;
			knownRegions = (
				en,
				Base,
			);
			mainGroup = B374E4812D4174F30072876B;
			minimizedProjectReferenceProxies = 1;
			preferredProjectObjectVersion = 77;
			productRefGroup = B374E48B2D4174F30072876B /* Products */;
			projectDirPath = "";
			projectRoot = "";
			targets = (
				B374E4892D4174F30072876B /* Multiple Auto Layout */,
				B374E49F2D4174F60072876B /* Multiple Auto LayoutTests */,
				B374E4A92D4174F70072876B /* Multiple Auto LayoutUITests */,
			);
		};
/* End PBXProject section */

/* Begin PBXResourcesBuildPhase section */
		B374E4882D4174F30072876B /* Resources */ = {
			isa = PBXResourcesBuildPhase;
			buildActionMask = 2147483647;
			files = (
			);
			runOnlyForDeploymentPostprocessing = 0;
		};
		B374E49E2D4174F60072876B /* Resources */ = {
			isa = PBXResourcesBuildPhase;
			buildActionMask = 2147483647;
			files = (
			);
			runOnlyForDeploymentPostprocessing = 0;
		};
		B374E4A82D4174F70072876B /* Resources */ = {
			isa = PBXResourcesBuildPhase;
			buildActionMask = 2147483647;
			files = (
			);
			runOnlyForDeploymentPostprocessing = 0;
		};
/* End PBXResourcesBuildPhase section */

/* Begin PBXSourcesBuildPhase section */
		B374E4862D4174F30072876B /* Sources */ = {
			isa = PBXSourcesBuildPhase;
			buildActionMask = 2147483647;
			files = (
			);
			runOnlyForDeploymentPostprocessing = 0;
		};
		B374E49C2D4174F60072876B /* Sources */ = {
			isa = PBXSourcesBuildPhase;
			buildActionMask = 2147483647;
			files = (
			);
			runOnlyForDeploymentPostprocessing = 0;
		};
		B374E4A62D4174F70072876B /* Sources */ = {
			isa = PBXSourcesBuildPhase;
			buildActionMask = 2147483647;
			files = (
			);
			runOnlyForDeploymentPostprocessing = 0;
		};
/* End PBXSourcesBuildPhase section */

/* Begin PBXTargetDependency section */
		B374E4A22D4174F60072876B /* PBXTargetDependency */ = {
			isa = PBXTargetDependency;
			target = B374E4892D4174F30072876B /* Multiple Auto Layout */;
			targetProxy = B374E4A12D4174F60072876B /* PBXContainerItemProxy */;
		};
		B374E4AC2D4174F70072876B /* PBXTargetDependency */ = {
			isa = PBXTargetDependency;
			target = B374E4892D4174F30072876B /* Multiple Auto Layout */;
			targetProxy = B374E4AB2D4174F70072876B /* PBXContainerItemProxy */;
		};
/* End PBXTargetDependency section */

/* Begin XCBuildConfiguration section */
		B374E4B42D4174F70072876B /* Debug */ = {
			isa = XCBuildConfiguration;
			buildSettings = {
				ASSETCATALOG_COMPILER_APPICON_NAME = AppIcon;
				ASSETCATALOG_COMPILER_GLOBAL_ACCENT_COLOR_NAME = AccentColor;
				CODE_SIGN_STYLE = Automatic;
				CURRENT_PROJECT_VERSION = 1;
				GENERATE_INFOPLIST_FILE = YES;
				INFOPLIST_FILE = "Multiple Auto Layout/Info.plist";
				INFOPLIST_KEY_CFBundleDisplayName = "Multiple Auto Layout";
				INFOPLIST_KEY_UIApplicationSupportsIndirectInputEvents = YES;
				INFOPLIST_KEY_UILaunchStoryboardName = LaunchScreen;
				INFOPLIST_KEY_UIMainStoryboardFile = Main;
				INFOPLIST_KEY_UISupportedInterfaceOrientations_iPad = "UIInterfaceOrientationPortrait UIInterfaceOrientationPortraitUpsideDown UIInterfaceOrientationLandscapeLeft UIInterfaceOrientationLandscapeRight";
				INFOPLIST_KEY_UISupportedInterfaceOrientations_iPhone = "UIInterfaceOrientationPortrait UIInterfaceOrientationLandscapeLeft UIInterfaceOrientationLandscapeRight";
				LD_RUNPATH_SEARCH_PATHS = (
					"$(inherited)",
					"@executable_path/Frameworks",
				);
				MARKETING_VERSION = 1.0;
				PRODUCT_BUNDLE_IDENTIFIER = "com.alimullah.Multiple-Auto-Layout";
				PRODUCT_NAME = "$(TARGET_NAME)";
				SWIFT_EMIT_LOC_STRINGS = YES;
				SWIFT_VERSION = 5.0;
				TARGETED_DEVICE_FAMILY = "1,2";
			};
			name = Debug;
		};
		B374E4B52D4174F70072876B /* Release */ = {
			isa = XCBuildConfiguration;
			buildSettings = {
				ASSETCATALOG_COMPILER_APPICON_NAME = AppIcon;
				ASSETCATALOG_COMPILER_GLOBAL_ACCENT_COLOR_NAME = AccentColor;
				CODE_SIGN_STYLE = Automatic;
				CURRENT_PROJECT_VERSION = 1;
				GENERATE_INFOPLIST_FILE = YES;
				INFOPLIST_FILE = "Multiple Auto Layout/Info.plist";
				INFOPLIST_KEY_CFBundleDisplayName = "Multiple Auto Layout";
				INFOPLIST_KEY_UIApplicationSupportsIndirectInputEvents = YES;
				INFOPLIST_KEY_UILaunchStoryboardName = LaunchScreen;
				INFOPLIST_KEY_UIMainStoryboardFile = Main;
				INFOPLIST_KEY_UISupportedInterfaceOrientations_iPad = "UIInterfaceOrientationPortrait UIInterfaceOrientationPortraitUpsideDown UIInterfaceOrientationLandscapeLeft UIInterfaceOrientationLandscapeRight";
				INFOPLIST_KEY_UISupportedInterfaceOrientations_iPhone = "UIInterfaceOrientationPortrait UIInterfaceOrientationLandscapeLeft UIInterfaceOrientationLandscapeRight";
				LD_RUNPATH_SEARCH_PATHS = (
					"$(inherited)",
					"@executable_path/Frameworks",
				);
				MARKETING_VERSION = 1.0;
				PRODUCT_BUNDLE_IDENTIFIER = "com.alimullah.Multiple-Auto-Layout";
				PRODUCT_NAME = "$(TARGET_NAME)";
				SWIFT_EMIT_LOC_STRINGS = YES;
				SWIFT_VERSION = 5.0;
				TARGETED_DEVICE_FAMILY = "1,2";
			};
			name = Release;
		};
		B374E4B62D4174F70072876B /* Debug */ = {
			isa = XCBuildConfiguration;
			buildSettings = {
				ALWAYS_SEARCH_USER_PATHS = NO;
				ASSETCATALOG_COMPILER_GENERATE_SWIFT_ASSET_SYMBOL_EXTENSIONS = YES;
				CLANG_ANALYZER_NONNULL = YES;
				CLANG_ANALYZER_NUMBER_OBJECT_CONVERSION = YES_AGGRESSIVE;
				CLANG_CXX_LANGUAGE_STANDARD = "gnu++20";
				CLANG_ENABLE_MODULES = YES;
				CLANG_ENABLE_OBJC_ARC = YES;
				CLANG_ENABLE_OBJC_WEAK = YES;
				CLANG_WARN_BLOCK_CAPTURE_AUTORELEASING = YES;
				CLANG_WARN_BOOL_CONVERSION = YES;
				CLANG_WARN_COMMA = YES;
				CLANG_WARN_CONSTANT_CONVERSION = YES;
				CLANG_WARN_DEPRECATED_OBJC_IMPLEMENTATIONS = YES;
				CLANG_WARN_DIRECT_OBJC_ISA_USAGE = YES_ERROR;
				CLANG_WARN_DOCUMENTATION_COMMENTS = YES;
				CLANG_WARN_EMPTY_BODY = YES;
				CLANG_WARN_ENUM_CONVERSION = YES;
				CLANG_WARN_INFINITE_RECURSION = YES;
				CLANG_WARN_INT_CONVERSION = YES;
				CLANG_WARN_NON_LITERAL_NULL_CONVERSION = YES;
				CLANG_WARN_OBJC_IMPLICIT_RETAIN_SELF = YES;
				CLANG_WARN_OBJC_LITERAL_CONVERSION = YES;
				CLANG_WARN_OBJC_ROOT_CLASS = YES_ERROR;
				CLANG_WARN_QUOTED_INCLUDE_IN_FRAMEWORK_HEADER = YES;
				CLANG_WARN_RANGE_LOOP_ANALYSIS = YES;
				CLANG_WARN_STRICT_PROTOTYPES = YES;
				CLANG_WARN_SUSPICIOUS_MOVE = YES;
				CLANG_WARN_UNGUARDED_AVAILABILITY = YES_AGGRESSIVE;
				CLANG_WARN_UNREACHABLE_CODE = YES;
				CLANG_WARN__DUPLICATE_METHOD_MATCH = YES;
				COPY_PHASE_STRIP = NO;
				DEBUG_INFORMATION_FORMAT = dwarf;
				ENABLE_STRICT_OBJC_MSGSEND = YES;
				ENABLE_TESTABILITY = YES;
				ENABLE_USER_SCRIPT_SANDBOXING = YES;
				GCC_C_LANGUAGE_STANDARD = gnu17;
				GCC_DYNAMIC_NO_PIC = NO;
				GCC_NO_COMMON_BLOCKS = YES;
				GCC_OPTIMIZATION_LEVEL = 0;
				GCC_PREPROCESSOR_DEFINITIONS = (
					"DEBUG=1",
					"$(inherited)",
				);
				GCC_WARN_64_TO_32_BIT_CONVERSION = YES;
				GCC_WARN_ABOUT_RETURN_TYPE = YES_ERROR;
				GCC_WARN_UNDECLARED_SELECTOR = YES;
				GCC_WARN_UNINITIALIZED_AUTOS = YES_AGGRESSIVE;
				GCC_WARN_UNUSED_FUNCTION = YES;
				GCC_WARN_UNUSED_VARIABLE = YES;
				IPHONEOS_DEPLOYMENT_TARGET = 18.2;
				LOCALIZATION_PREFERS_STRING_CATALOGS = YES;
				MTL_ENABLE_DEBUG_INFO = INCLUDE_SOURCE;
				MTL_FAST_MATH = YES;
				ONLY_ACTIVE_ARCH = YES;
				SDKROOT = iphoneos;
				SWIFT_ACTIVE_COMPILATION_CONDITIONS = "DEBUG $(inherited)";
				SWIFT_OPTIMIZATION_LEVEL = "-Onone";
			};
			name = Debug;
		};
		B374E4B72D4174F70072876B /* Release */ = {
			isa = XCBuildConfiguration;
			buildSettings = {
				ALWAYS_SEARCH_USER_PATHS = NO;
				ASSETCATALOG_COMPILER_GENERATE_SWIFT_ASSET_SYMBOL_EXTENSIONS = YES;
				CLANG_ANALYZER_NONNULL = YES;
				CLANG_ANALYZER_NUMBER_OBJECT_CONVERSION = YES_AGGRESSIVE;
				CLANG_CXX_LANGUAGE_STANDARD = "gnu++20";
				CLANG_ENABLE_MODULES = YES;
				CLANG_ENABLE_OBJC_ARC = YES;
				CLANG_ENABLE_OBJC_WEAK = YES;
				CLANG_WARN_BLOCK_CAPTURE_AUTORELEASING = YES;
				CLANG_WARN_BOOL_CONVERSION = YES;
				CLANG_WARN_COMMA = YES;
				CLANG_WARN_CONSTANT_CONVERSION = YES;
				CLANG_WARN_DEPRECATED_OBJC_IMPLEMENTATIONS = YES;
				CLANG_WARN_DIRECT_OBJC_ISA_USAGE = YES_ERROR;
				CLANG_WARN_DOCUMENTATION_COMMENTS = YES;
				CLANG_WARN_EMPTY_BODY = YES;
				CLANG_WARN_ENUM_CONVERSION = YES;
				CLANG_WARN_INFINITE_RECURSION = YES;
				CLANG_WARN_INT_CONVERSION = YES;
				CLANG_WARN_NON_LITERAL_NULL_CONVERSION = YES;
				CLANG_WARN_OBJC_IMPLICIT_RETAIN_SELF = YES;
				CLANG_WARN_OBJC_LITERAL_CONVERSION = YES;
				CLANG_WARN_OBJC_ROOT_CLASS = YES_ERROR;
				CLANG_WARN_QUOTED_INCLUDE_IN_FRAMEWORK_HEADER = YES;
				CLANG_WARN_RANGE_LOOP_ANALYSIS = YES;
				CLANG_WARN_STRICT_PROTOTYPES = YES;
				CLANG_WARN_SUSPICIOUS_MOVE = YES;
				CLANG_WARN_UNGUARDED_AVAILABILITY = YES_AGGRESSIVE;
				CLANG_WARN_UNREACHABLE_CODE = YES;
				CLANG_WARN__DUPLICATE_METHOD_MATCH = YES;
				COPY_PHASE_STRIP = NO;
				DEBUG_INFORMATION_FORMAT = "dwarf-with-dsym";
				ENABLE_NS_ASSERTIONS = NO;
				ENABLE_STRICT_OBJC_MSGSEND = YES;
				ENABLE_USER_SCRIPT_SANDBOXING = YES;
				GCC_C_LANGUAGE_STANDARD = gnu17;
				GCC_NO_COMMON_BLOCKS = YES;
				GCC_WARN_64_TO_32_BIT_CONVERSION = YES;
				GCC_WARN_ABOUT_RETURN_TYPE = YES_ERROR;
				GCC_WARN_UNDECLARED_SELECTOR = YES;
				GCC_WARN_UNINITIALIZED_AUTOS = YES_AGGRESSIVE;
				GCC_WARN_UNUSED_FUNCTION = YES;
				GCC_WARN_UNUSED_VARIABLE = YES;
				IPHONEOS_DEPLOYMENT_TARGET = 18.2;
				LOCALIZATION_PREFERS_STRING_CATALOGS = YES;
				MTL_ENABLE_DEBUG_INFO = NO;
				MTL_FAST_MATH = YES;
				SDKROOT = iphoneos;
				SWIFT_COMPILATION_MODE = wholemodule;
				VALIDATE_PRODUCT = YES;
			};
			name = Release;
		};
		B374E4B92D4174F70072876B /* Debug */ = {
			isa = XCBuildConfiguration;
			buildSettings = {
				BUNDLE_LOADER = "$(TEST_HOST)";
				CODE_SIGN_STYLE = Automatic;
				CURRENT_PROJECT_VERSION = 1;
				GENERATE_INFOPLIST_FILE = YES;
				IPHONEOS_DEPLOYMENT_TARGET = 18.2;
				MARKETING_VERSION = 1.0;
				PRODUCT_BUNDLE_IDENTIFIER = "com.alimullah.Multiple-Auto-LayoutTests";
				PRODUCT_NAME = "$(TARGET_NAME)";
				SWIFT_EMIT_LOC_STRINGS = NO;
				SWIFT_VERSION = 5.0;
				TARGETED_DEVICE_FAMILY = "1,2";
				TEST_HOST = "$(BUILT_PRODUCTS_DIR)/Multiple Auto Layout.app/$(BUNDLE_EXECUTABLE_FOLDER_PATH)/Multiple Auto Layout";
			};
			name = Debug;
		};
		B374E4BA2D4174F70072876B /* Release */ = {
			isa = XCBuildConfiguration;
			buildSettings = {
				BUNDLE_LOADER = "$(TEST_HOST)";
				CODE_SIGN_STYLE = Automatic;
				CURRENT_PROJECT_VERSION = 1;
				GENERATE_INFOPLIST_FILE = YES;
				IPHONEOS_DEPLOYMENT_TARGET = 18.2;
				MARKETING_VERSION = 1.0;
				PRODUCT_BUNDLE_IDENTIFIER = "com.alimullah.Multiple-Auto-LayoutTests";
				PRODUCT_NAME = "$(TARGET_NAME)";
				SWIFT_EMIT_LOC_STRINGS = NO;
				SWIFT_VERSION = 5.0;
				TARGETED_DEVICE_FAMILY = "1,2";
				TEST_HOST = "$(BUILT_PRODUCTS_DIR)/Multiple Auto Layout.app/$(BUNDLE_EXECUTABLE_FOLDER_PATH)/Multiple Auto Layout";
			};
			name = Release;
		};
		B374E4BC2D4174F70072876B /* Debug */ = {
			isa = XCBuildConfiguration;
			buildSettings = {
				CODE_SIGN_STYLE = Automatic;
				CURRENT_PROJECT_VERSION = 1;
				GENERATE_INFOPLIST_FILE = YES;
				MARKETING_VERSION = 1.0;
				PRODUCT_BUNDLE_IDENTIFIER = "com.alimullah.Multiple-Auto-LayoutUITests";
				PRODUCT_NAME = "$(TARGET_NAME)";
				SWIFT_EMIT_LOC_STRINGS = NO;
				SWIFT_VERSION = 5.0;
				TARGETED_DEVICE_FAMILY = "1,2";
				TEST_TARGET_NAME = "Multiple Auto Layout";
			};
			name = Debug;
		};
		B374E4BD2D4174F70072876B /* Release */ = {
			isa = XCBuildConfiguration;
			buildSettings = {
				CODE_SIGN_STYLE = Automatic;
				CURRENT_PROJECT_VERSION = 1;
				GENERATE_INFOPLIST_FILE = YES;
				MARKETING_VERSION = 1.0;
				PRODUCT_BUNDLE_IDENTIFIER = "com.alimullah.Multiple-Auto-LayoutUITests";
				PRODUCT_NAME = "$(TARGET_NAME)";
				SWIFT_EMIT_LOC_STRINGS = NO;
				SWIFT_VERSION = 5.0;
				TARGETED_DEVICE_FAMILY = "1,2";
				TEST_TARGET_NAME = "Multiple Auto Layout";
			};
			name = Release;
		};
/* End XCBuildConfiguration section */

/* Begin XCConfigurationList section */
		B374E4852D4174F30072876B /* Build configuration list for PBXProject "Multiple Auto Layout" */ = {
			isa = XCConfigurationList;
			buildConfigurations = (
				B374E4B62D4174F70072876B /* Debug */,
				B374E4B72D4174F70072876B /* Release */,
			);
			defaultConfigurationIsVisible = 0;
			defaultConfigurationName = Release;
		};
		B374E4B32D4174F70072876B /* Build configuration list for PBXNativeTarget "Multiple Auto Layout" */ = {
			isa = XCConfigurationList;
			buildConfigurations = (
				B374E4B42D4174F70072876B /* Debug */,
				B374E4B52D4174F70072876B /* Release */,
			);
			defaultConfigurationIsVisible = 0;
			defaultConfigurationName = Release;
		};
		B374E4B82D4174F70072876B /* Build configuration list for PBXNativeTarget "Multiple Auto LayoutTests" */ = {
			isa = XCConfigurationList;
			buildConfigurations = (
				B374E4B92D4174F70072876B /* Debug */,
				B374E4BA2D4174F70072876B /* Release */,
			);
			defaultConfigurationIsVisible = 0;
			defaultConfigurationName = Release;
		};
		B374E4BB2D4174F70072876B /* Build configuration list for PBXNativeTarget "Multiple Auto LayoutUITests" */ = {
			isa = XCConfigurationList;
			buildConfigurations = (
				B374E4BC2D4174F70072876B /* Debug */,
				B374E4BD2D4174F70072876B /* Release */,
			);
			defaultConfigurationIsVisible = 0;
			defaultConfigurationName = Release;
		};
/* End XCConfigurationList section */
	};
	rootObject = B374E4822D4174F30072876B /* Project object */;
}
