// !$*UTF8*$!
{
	archiveVersion = 1;
	classes = {
	};
	objectVersion = 77;
	objects = {

/* Begin PBXBuildFile section */
		689E660B2EA347C400DB9145 /* Main.storyboard in Resources */ = {isa = PBXBuildFile; fileRef = 689E65FF2EA347C400DB9145 /* Main.storyboard */; };
		689E660C2EA347C400DB9145 /* Assets.xcassets in Resources */ = {isa = PBXBuildFile; fileRef = 689E66062EA347C400DB9145 /* Assets.xcassets */; };
		689E660E2EA347C400DB9145 /* LaunchScreen.storyboard in Resources */ = {isa = PBXBuildFile; fileRef = 689E66092EA347C400DB9145 /* LaunchScreen.storyboard */; };
		689E660F2EA347C400DB9145 /* ViewController.swift in Sources */ = {isa = PBXBuildFile; fileRef = 689E66002EA347C400DB9145 /* ViewController.swift */; };
		689E66102EA347C400DB9145 /* AppDelegate.swift in Sources */ = {isa = PBXBuildFile; fileRef = 689E66022EA347C400DB9145 /* AppDelegate.swift */; };
		689E66112EA347C400DB9145 /* SceneDelegate.swift in Sources */ = {isa = PBXBuildFile; fileRef = 689E66032EA347C400DB9145 /* SceneDelegate.swift */; };
		689E661A2EA349A700DB9145 /* CollectionViewCell.xib in Resources */ = {isa = PBXBuildFile; fileRef = 689E66192EA349A700DB9145 /* CollectionViewCell.xib */; };
		689E661B2EA349A700DB9145 /* CollectionViewCell.swift in Sources */ = {isa = PBXBuildFile; fileRef = 689E66182EA349A700DB9145 /* CollectionViewCell.swift */; };
		689E66222EA34AE700DB9145 /* CollectionReusableViewFooterCell.xib in Resources */ = {isa = PBXBuildFile; fileRef = 689E66212EA34AE700DB9145 /* CollectionReusableViewFooterCell.xib */; };
		689E66232EA34AE700DB9145 /* CollectionReusableViewFooterCell.swift in Sources */ = {isa = PBXBuildFile; fileRef = 689E66202EA34AE700DB9145 /* CollectionReusableViewFooterCell.swift */; };
		689E66282EA34B8D00DB9145 /* CVHeaderCell.xib in Resources */ = {isa = PBXBuildFile; fileRef = 689E66272EA34B8D00DB9145 /* CVHeaderCell.xib */; };
		689E66292EA34B8D00DB9145 /* CVHeaderCell.swift in Sources */ = {isa = PBXBuildFile; fileRef = 689E66262EA34B8D00DB9145 /* CVHeaderCell.swift */; };
/* End PBXBuildFile section */

/* Begin PBXFileReference section */
		689E65E32EA3287E00DB9145 /* CollectionView_Header_Footer.app */ = {isa = PBXFileReference; explicitFileType = wrapper.application; includeInIndex = 0; path = CollectionView_Header_Footer.app; sourceTree = BUILT_PRODUCTS_DIR; };
		689E65FE2EA347C400DB9145 /* Base */ = {isa = PBXFileReference; lastKnownFileType = file.storyboard; name = Base; path = Base.lproj/Main.storyboard; sourceTree = "<group>"; };
		689E66002EA347C400DB9145 /* ViewController.swift */ = {isa = PBXFileReference; lastKnownFileType = sourcecode.swift; path = ViewController.swift; sourceTree = "<group>"; };
		689E66022EA347C400DB9145 /* AppDelegate.swift */ = {isa = PBXFileReference; lastKnownFileType = sourcecode.swift; path = AppDelegate.swift; sourceTree = "<group>"; };
		689E66032EA347C400DB9145 /* SceneDelegate.swift */ = {isa = PBXFileReference; lastKnownFileType = sourcecode.swift; path = SceneDelegate.swift; sourceTree = "<group>"; };
		689E66062EA347C400DB9145 /* Assets.xcassets */ = {isa = PBXFileReference; lastKnownFileType = folder.assetcatalog; path = Assets.xcassets; sourceTree = "<group>"; };
		689E66072EA347C400DB9145 /* Info.plist */ = {isa = PBXFileReference; lastKnownFileType = text.plist.xml; path = Info.plist; sourceTree = "<group>"; };
		689E66082EA347C400DB9145 /* Base */ = {isa = PBXFileReference; lastKnownFileType = file.storyboard; name = Base; path = Base.lproj/LaunchScreen.storyboard; sourceTree = "<group>"; };
		689E66182EA349A700DB9145 /* CollectionViewCell.swift */ = {isa = PBXFileReference; lastKnownFileType = sourcecode.swift; path = CollectionViewCell.swift; sourceTree = "<group>"; };
		689E66192EA349A700DB9145 /* CollectionViewCell.xib */ = {isa = PBXFileReference; lastKnownFileType = file.xib; path = CollectionViewCell.xib; sourceTree = "<group>"; };
		689E66202EA34AE700DB9145 /* CollectionReusableViewFooterCell.swift */ = {isa = PBXFileReference; lastKnownFileType = sourcecode.swift; path = CollectionReusableViewFooterCell.swift; sourceTree = "<group>"; };
		689E66212EA34AE700DB9145 /* CollectionReusableViewFooterCell.xib */ = {isa = PBXFileReference; lastKnownFileType = file.xib; path = CollectionReusableViewFooterCell.xib; sourceTree = "<group>"; };
		689E66262EA34B8D00DB9145 /* CVHeaderCell.swift */ = {isa = PBXFileReference; lastKnownFileType = sourcecode.swift; path = CVHeaderCell.swift; sourceTree = "<group>"; };
		689E66272EA34B8D00DB9145 /* CVHeaderCell.xib */ = {isa = PBXFileReference; lastKnownFileType = file.xib; path = CVHeaderCell.xib; sourceTree = "<group>"; };
/* End PBXFileReference section */

/* Begin PBXFrameworksBuildPhase section */
		689E65E02EA3287E00DB9145 /* Frameworks */ = {
			isa = PBXFrameworksBuildPhase;
			buildActionMask = 2147483647;
			files = (
			);
			runOnlyForDeploymentPostprocessing = 0;
		};
/* End PBXFrameworksBuildPhase section */

/* Begin PBXGroup section */
		689E65DA2EA3287E00DB9145 = {
			isa = PBXGroup;
			children = (
				689E660A2EA347C400DB9145 /* CollectionView_Header_Footer */,
				689E65E42EA3287E00DB9145 /* Products */,
			);
			sourceTree = "<group>";
		};
		689E65E42EA3287E00DB9145 /* Products */ = {
			isa = PBXGroup;
			children = (
				689E65E32EA3287E00DB9145 /* CollectionView_Header_Footer.app */,
			);
			name = Products;
			sourceTree = "<group>";
		};
		689E66012EA347C400DB9145 /* Controller */ = {
			isa = PBXGroup;
			children = (
				689E65FF2EA347C400DB9145 /* Main.storyboard */,
				689E66002EA347C400DB9145 /* ViewController.swift */,
			);
			path = Controller;
			sourceTree = "<group>";
		};
		689E66042EA347C400DB9145 /* SystemDelegate */ = {
			isa = PBXGroup;
			children = (
				689E66022EA347C400DB9145 /* AppDelegate.swift */,
				689E66032EA347C400DB9145 /* SceneDelegate.swift */,
			);
			path = SystemDelegate;
			sourceTree = "<group>";
		};
		689E66052EA347C400DB9145 /* View */ = {
			isa = PBXGroup;
			children = (
				689E66252EA34B6200DB9145 /* CVHeaderCell */,
				689E66152EA3494500DB9145 /* CollectionViewFooterCell */,
				689E66172EA3494F00DB9145 /* CollectionViewCell */,
			);
			path = View;
			sourceTree = "<group>";
		};
		689E660A2EA347C400DB9145 /* CollectionView_Header_Footer */ = {
			isa = PBXGroup;
			children = (
				689E66042EA347C400DB9145 /* SystemDelegate */,
				689E66052EA347C400DB9145 /* View */,
				689E66012EA347C400DB9145 /* Controller */,
				689E66062EA347C400DB9145 /* Assets.xcassets */,
				689E66072EA347C400DB9145 /* Info.plist */,
				689E66092EA347C400DB9145 /* LaunchScreen.storyboard */,
			);
			path = CollectionView_Header_Footer;
			sourceTree = "<group>";
		};
		689E66152EA3494500DB9145 /* CollectionViewFooterCell */ = {
			isa = PBXGroup;
			children = (
				689E66202EA34AE700DB9145 /* CollectionReusableViewFooterCell.swift */,
				689E66212EA34AE700DB9145 /* CollectionReusableViewFooterCell.xib */,
			);
			path = CollectionViewFooterCell;
			sourceTree = "<group>";
		};
		689E66172EA3494F00DB9145 /* CollectionViewCell */ = {
			isa = PBXGroup;
			children = (
				689E66182EA349A700DB9145 /* CollectionViewCell.swift */,
				689E66192EA349A700DB9145 /* CollectionViewCell.xib */,
			);
			path = CollectionViewCell;
			sourceTree = "<group>";
		};
		689E66252EA34B6200DB9145 /* CVHeaderCell */ = {
			isa = PBXGroup;
			children = (
				689E66262EA34B8D00DB9145 /* CVHeaderCell.swift */,
				689E66272EA34B8D00DB9145 /* CVHeaderCell.xib */,
			);
			path = CVHeaderCell;
			sourceTree = "<group>";
		};
/* End PBXGroup section */

/* Begin PBXNativeTarget section */
		689E65E22EA3287E00DB9145 /* CollectionView_Header_Footer */ = {
			isa = PBXNativeTarget;
			buildConfigurationList = 689E65F62EA3288200DB9145 /* Build configuration list for PBXNativeTarget "CollectionView_Header_Footer" */;
			buildPhases = (
				689E65DF2EA3287E00DB9145 /* Sources */,
				689E65E02EA3287E00DB9145 /* Frameworks */,
				689E65E12EA3287E00DB9145 /* Resources */,
			);
			buildRules = (
			);
			dependencies = (
			);
			name = CollectionView_Header_Footer;
			packageProductDependencies = (
			);
			productName = CollectionView_Header_Footer;
			productReference = 689E65E32EA3287E00DB9145 /* CollectionView_Header_Footer.app */;
			productType = "com.apple.product-type.application";
		};
/* End PBXNativeTarget section */

/* Begin PBXProject section */
		689E65DB2EA3287E00DB9145 /* Project object */ = {
			isa = PBXProject;
			attributes = {
				BuildIndependentTargetsInParallel = 1;
				LastSwiftUpdateCheck = 1620;
				LastUpgradeCheck = 1620;
				TargetAttributes = {
					689E65E22EA3287E00DB9145 = {
						CreatedOnToolsVersion = 16.2;
					};
				};
			};
			buildConfigurationList = 689E65DE2EA3287E00DB9145 /* Build configuration list for PBXProject "CollectionView_Header_Footer" */;
			developmentRegion = en;
			hasScannedForEncodings = 0;
			knownRegions = (
				en,
				Base,
			);
			mainGroup = 689E65DA2EA3287E00DB9145;
			minimizedProjectReferenceProxies = 1;
			preferredProjectObjectVersion = 77;
			productRefGroup = 689E65E42EA3287E00DB9145 /* Products */;
			projectDirPath = "";
			projectRoot = "";
			targets = (
				689E65E22EA3287E00DB9145 /* CollectionView_Header_Footer */,
			);
		};
/* End PBXProject section */

/* Begin PBXResourcesBuildPhase section */
		689E65E12EA3287E00DB9145 /* Resources */ = {
			isa = PBXResourcesBuildPhase;
			buildActionMask = 2147483647;
			files = (
				689E660B2EA347C400DB9145 /* Main.storyboard in Resources */,
				689E660C2EA347C400DB9145 /* Assets.xcassets in Resources */,
				689E661A2EA349A700DB9145 /* CollectionViewCell.xib in Resources */,
				689E66222EA34AE700DB9145 /* CollectionReusableViewFooterCell.xib in Resources */,
				689E660E2EA347C400DB9145 /* LaunchScreen.storyboard in Resources */,
				689E66282EA34B8D00DB9145 /* CVHeaderCell.xib in Resources */,
			);
			runOnlyForDeploymentPostprocessing = 0;
		};
/* End PBXResourcesBuildPhase section */

/* Begin PBXSourcesBuildPhase section */
		689E65DF2EA3287E00DB9145 /* Sources */ = {
			isa = PBXSourcesBuildPhase;
			buildActionMask = 2147483647;
			files = (
				689E660F2EA347C400DB9145 /* ViewController.swift in Sources */,
				689E66102EA347C400DB9145 /* AppDelegate.swift in Sources */,
				689E661B2EA349A700DB9145 /* CollectionViewCell.swift in Sources */,
				689E66232EA34AE700DB9145 /* CollectionReusableViewFooterCell.swift in Sources */,
				689E66112EA347C400DB9145 /* SceneDelegate.swift in Sources */,
				689E66292EA34B8D00DB9145 /* CVHeaderCell.swift in Sources */,
			);
			runOnlyForDeploymentPostprocessing = 0;
		};
/* End PBXSourcesBuildPhase section */

/* Begin PBXVariantGroup section */
		689E65FF2EA347C400DB9145 /* Main.storyboard */ = {
			isa = PBXVariantGroup;
			children = (
				689E65FE2EA347C400DB9145 /* Base */,
			);
			name = Main.storyboard;
			sourceTree = "<group>";
		};
		689E66092EA347C400DB9145 /* LaunchScreen.storyboard */ = {
			isa = PBXVariantGroup;
			children = (
				689E66082EA347C400DB9145 /* Base */,
			);
			name = LaunchScreen.storyboard;
			sourceTree = "<group>";
		};
/* End PBXVariantGroup section */

/* Begin XCBuildConfiguration section */
		689E65F72EA3288200DB9145 /* Debug */ = {
			isa = XCBuildConfiguration;
			buildSettings = {
				ASSETCATALOG_COMPILER_APPICON_NAME = AppIcon;
				ASSETCATALOG_COMPILER_GLOBAL_ACCENT_COLOR_NAME = AccentColor;
				CODE_SIGN_STYLE = Automatic;
				CURRENT_PROJECT_VERSION = 1;
				DEVELOPMENT_TEAM = BFAS4438SH;
				GENERATE_INFOPLIST_FILE = YES;
				INFOPLIST_FILE = CollectionView_Header_Footer/Info.plist;
				INFOPLIST_KEY_UIApplicationSupportsIndirectInputEvents = YES;
				INFOPLIST_KEY_UILaunchStoryboardName = LaunchScreen;
				INFOPLIST_KEY_UIMainStoryboardFile = Main;
				INFOPLIST_KEY_UISupportedInterfaceOrientations_iPad = "UIInterfaceOrientationPortrait UIInterfaceOrientationPortraitUpsideDown UIInterfaceOrientationLandscapeLeft UIInterfaceOrientationLandscapeRight";
				INFOPLIST_KEY_UISupportedInterfaceOrientations_iPhone = "UIInterfaceOrientationPortrait UIInterfaceOrientationLandscapeLeft UIInterfaceOrientationLandscapeRight";
				LD_RUNPATH_SEARCH_PATHS = (
					"$(inherited)",
					"@executable_path/Frameworks",
				);
				MARKETING_VERSION = 1.0;
				PRODUCT_BUNDLE_IDENTIFIER = Ali.com;
				PRODUCT_NAME = "$(TARGET_NAME)";
				SWIFT_EMIT_LOC_STRINGS = YES;
				SWIFT_VERSION = 5.0;
				TARGETED_DEVICE_FAMILY = "1,2";
			};
			name = Debug;
		};
		689E65F82EA3288200DB9145 /* Release */ = {
			isa = XCBuildConfiguration;
			buildSettings = {
				ASSETCATALOG_COMPILER_APPICON_NAME = AppIcon;
				ASSETCATALOG_COMPILER_GLOBAL_ACCENT_COLOR_NAME = AccentColor;
				CODE_SIGN_STYLE = Automatic;
				CURRENT_PROJECT_VERSION = 1;
				DEVELOPMENT_TEAM = BFAS4438SH;
				GENERATE_INFOPLIST_FILE = YES;
				INFOPLIST_FILE = CollectionView_Header_Footer/Info.plist;
				INFOPLIST_KEY_UIApplicationSupportsIndirectInputEvents = YES;
				INFOPLIST_KEY_UILaunchStoryboardName = LaunchScreen;
				INFOPLIST_KEY_UIMainStoryboardFile = Main;
				INFOPLIST_KEY_UISupportedInterfaceOrientations_iPad = "UIInterfaceOrientationPortrait UIInterfaceOrientationPortraitUpsideDown UIInterfaceOrientationLandscapeLeft UIInterfaceOrientationLandscapeRight";
				INFOPLIST_KEY_UISupportedInterfaceOrientations_iPhone = "UIInterfaceOrientationPortrait UIInterfaceOrientationLandscapeLeft UIInterfaceOrientationLandscapeRight";
				LD_RUNPATH_SEARCH_PATHS = (
					"$(inherited)",
					"@executable_path/Frameworks",
				);
				MARKETING_VERSION = 1.0;
				PRODUCT_BUNDLE_IDENTIFIER = Ali.com;
				PRODUCT_NAME = "$(TARGET_NAME)";
				SWIFT_EMIT_LOC_STRINGS = YES;
				SWIFT_VERSION = 5.0;
				TARGETED_DEVICE_FAMILY = "1,2";
			};
			name = Release;
		};
		689E65F92EA3288200DB9145 /* Debug */ = {
			isa = XCBuildConfiguration;
			buildSettings = {
				ALWAYS_SEARCH_USER_PATHS = NO;
				ASSETCATALOG_COMPILER_GENERATE_SWIFT_ASSET_SYMBOL_EXTENSIONS = YES;
				CLANG_ANALYZER_NONNULL = YES;
				CLANG_ANALYZER_NUMBER_OBJECT_CONVERSION = YES_AGGRESSIVE;
				CLANG_CXX_LANGUAGE_STANDARD = "gnu++20";
				CLANG_ENABLE_MODULES = YES;
				CLANG_ENABLE_OBJC_ARC = YES;
				CLANG_ENABLE_OBJC_WEAK = YES;
				CLANG_WARN_BLOCK_CAPTURE_AUTORELEASING = YES;
				CLANG_WARN_BOOL_CONVERSION = YES;
				CLANG_WARN_COMMA = YES;
				CLANG_WARN_CONSTANT_CONVERSION = YES;
				CLANG_WARN_DEPRECATED_OBJC_IMPLEMENTATIONS = YES;
				CLANG_WARN_DIRECT_OBJC_ISA_USAGE = YES_ERROR;
				CLANG_WARN_DOCUMENTATION_COMMENTS = YES;
				CLANG_WARN_EMPTY_BODY = YES;
				CLANG_WARN_ENUM_CONVERSION = YES;
				CLANG_WARN_INFINITE_RECURSION = YES;
				CLANG_WARN_INT_CONVERSION = YES;
				CLANG_WARN_NON_LITERAL_NULL_CONVERSION = YES;
				CLANG_WARN_OBJC_IMPLICIT_RETAIN_SELF = YES;
				CLANG_WARN_OBJC_LITERAL_CONVERSION = YES;
				CLANG_WARN_OBJC_ROOT_CLASS = YES_ERROR;
				CLANG_WARN_QUOTED_INCLUDE_IN_FRAMEWORK_HEADER = YES;
				CLANG_WARN_RANGE_LOOP_ANALYSIS = YES;
				CLANG_WARN_STRICT_PROTOTYPES = YES;
				CLANG_WARN_SUSPICIOUS_MOVE = YES;
				CLANG_WARN_UNGUARDED_AVAILABILITY = YES_AGGRESSIVE;
				CLANG_WARN_UNREACHABLE_CODE = YES;
				CLANG_WARN__DUPLICATE_METHOD_MATCH = YES;
				COPY_PHASE_STRIP = NO;
				DEBUG_INFORMATION_FORMAT = dwarf;
				ENABLE_STRICT_OBJC_MSGSEND = YES;
				ENABLE_TESTABILITY = YES;
				ENABLE_USER_SCRIPT_SANDBOXING = YES;
				GCC_C_LANGUAGE_STANDARD = gnu17;
				GCC_DYNAMIC_NO_PIC = NO;
				GCC_NO_COMMON_BLOCKS = YES;
				GCC_OPTIMIZATION_LEVEL = 0;
				GCC_PREPROCESSOR_DEFINITIONS = (
					"DEBUG=1",
					"$(inherited)",
				);
				GCC_WARN_64_TO_32_BIT_CONVERSION = YES;
				GCC_WARN_ABOUT_RETURN_TYPE = YES_ERROR;
				GCC_WARN_UNDECLARED_SELECTOR = YES;
				GCC_WARN_UNINITIALIZED_AUTOS = YES_AGGRESSIVE;
				GCC_WARN_UNUSED_FUNCTION = YES;
				GCC_WARN_UNUSED_VARIABLE = YES;
				IPHONEOS_DEPLOYMENT_TARGET = 18.2;
				LOCALIZATION_PREFERS_STRING_CATALOGS = YES;
				MTL_ENABLE_DEBUG_INFO = INCLUDE_SOURCE;
				MTL_FAST_MATH = YES;
				ONLY_ACTIVE_ARCH = YES;
				SDKROOT = iphoneos;
				SWIFT_ACTIVE_COMPILATION_CONDITIONS = "DEBUG $(inherited)";
				SWIFT_OPTIMIZATION_LEVEL = "-Onone";
			};
			name = Debug;
		};
		689E65FA2EA3288200DB9145 /* Release */ = {
			isa = XCBuildConfiguration;
			buildSettings = {
				ALWAYS_SEARCH_USER_PATHS = NO;
				ASSETCATALOG_COMPILER_GENERATE_SWIFT_ASSET_SYMBOL_EXTENSIONS = YES;
				CLANG_ANALYZER_NONNULL = YES;
				CLANG_ANALYZER_NUMBER_OBJECT_CONVERSION = YES_AGGRESSIVE;
				CLANG_CXX_LANGUAGE_STANDARD = "gnu++20";
				CLANG_ENABLE_MODULES = YES;
				CLANG_ENABLE_OBJC_ARC = YES;
				CLANG_ENABLE_OBJC_WEAK = YES;
				CLANG_WARN_BLOCK_CAPTURE_AUTORELEASING = YES;
				CLANG_WARN_BOOL_CONVERSION = YES;
				CLANG_WARN_COMMA = YES;
				CLANG_WARN_CONSTANT_CONVERSION = YES;
				CLANG_WARN_DEPRECATED_OBJC_IMPLEMENTATIONS = YES;
				CLANG_WARN_DIRECT_OBJC_ISA_USAGE = YES_ERROR;
				CLANG_WARN_DOCUMENTATION_COMMENTS = YES;
				CLANG_WARN_EMPTY_BODY = YES;
				CLANG_WARN_ENUM_CONVERSION = YES;
				CLANG_WARN_INFINITE_RECURSION = YES;
				CLANG_WARN_INT_CONVERSION = YES;
				CLANG_WARN_NON_LITERAL_NULL_CONVERSION = YES;
				CLANG_WARN_OBJC_IMPLICIT_RETAIN_SELF = YES;
				CLANG_WARN_OBJC_LITERAL_CONVERSION = YES;
				CLANG_WARN_OBJC_ROOT_CLASS = YES_ERROR;
				CLANG_WARN_QUOTED_INCLUDE_IN_FRAMEWORK_HEADER = YES;
				CLANG_WARN_RANGE_LOOP_ANALYSIS = YES;
				CLANG_WARN_STRICT_PROTOTYPES = YES;
				CLANG_WARN_SUSPICIOUS_MOVE = YES;
				CLANG_WARN_UNGUARDED_AVAILABILITY = YES_AGGRESSIVE;
				CLANG_WARN_UNREACHABLE_CODE = YES;
				CLANG_WARN__DUPLICATE_METHOD_MATCH = YES;
				COPY_PHASE_STRIP = NO;
				DEBUG_INFORMATION_FORMAT = "dwarf-with-dsym";
				ENABLE_NS_ASSERTIONS = NO;
				ENABLE_STRICT_OBJC_MSGSEND = YES;
				ENABLE_USER_SCRIPT_SANDBOXING = YES;
				GCC_C_LANGUAGE_STANDARD = gnu17;
				GCC_NO_COMMON_BLOCKS = YES;
				GCC_WARN_64_TO_32_BIT_CONVERSION = YES;
				GCC_WARN_ABOUT_RETURN_TYPE = YES_ERROR;
				GCC_WARN_UNDECLARED_SELECTOR = YES;
				GCC_WARN_UNINITIALIZED_AUTOS = YES_AGGRESSIVE;
				GCC_WARN_UNUSED_FUNCTION = YES;
				GCC_WARN_UNUSED_VARIABLE = YES;
				IPHONEOS_DEPLOYMENT_TARGET = 18.2;
				LOCALIZATION_PREFERS_STRING_CATALOGS = YES;
				MTL_ENABLE_DEBUG_INFO = NO;
				MTL_FAST_MATH = YES;
				SDKROOT = iphoneos;
				SWIFT_COMPILATION_MODE = wholemodule;
				VALIDATE_PRODUCT = YES;
			};
			name = Release;
		};
/* End XCBuildConfiguration section */

/* Begin XCConfigurationList section */
		689E65DE2EA3287E00DB9145 /* Build configuration list for PBXProject "CollectionView_Header_Footer" */ = {
			isa = XCConfigurationList;
			buildConfigurations = (
				689E65F92EA3288200DB9145 /* Debug */,
				689E65FA2EA3288200DB9145 /* Release */,
			);
			defaultConfigurationIsVisible = 0;
			defaultConfigurationName = Release;
		};
		689E65F62EA3288200DB9145 /* Build configuration list for PBXNativeTarget "CollectionView_Header_Footer" */ = {
			isa = XCConfigurationList;
			buildConfigurations = (
				689E65F72EA3288200DB9145 /* Debug */,
				689E65F82EA3288200DB9145 /* Release */,
			);
			defaultConfigurationIsVisible = 0;
			defaultConfigurationName = Release;
		};
/* End XCConfigurationList section */
	};
	rootObject = 689E65DB2EA3287E00DB9145 /* Project object */;
}
